v1.0.52 dws-linux-amd64.tar.gz b7dfd9a4b3489211359261747ed0cb9c8c261434bb762ad3f76df33bdbabd5cb
v1.0.52 dws-linux-arm64.tar.gz 0d357ef0535f99f2f63b5ecbfdee9c32448be2a2c24f3096c03126b3b7570bc5
v1.0.57 dws-linux-amd64.tar.gz f113ce3654f21d1f9ecc7c196f815aeafbca54d377a347b244a15116c5cba698
v1.0.57 dws-linux-arm64.tar.gz 0bbe9c233a3ff585077bae1ac5000937c32d967846d14cc44c46f98d49b95ae2
