schema_version: "ids.v0_1.batch_upload_lock.v1"
batch_id: "IDS-V0_1-BATCH-031-040"
created_at_utc: "2026-07-03T08:32:56Z"
updated_at_utc: "2026-07-03T09:26:34Z"
status: "stage031_completed_reviewed_local"

repository:
  owner_repo: "LinzeColin/CodexProject"
  worktree_path: "/Users/linzezhang/Documents/Codex/main_worktree/CodexProject/KM_IDS"
  target_project_path: "KM_IDSystem"
  local_branch: "codex/ids-v0-1-stages-001-010"
  upstream_policy: "do_not_push_until_batch_complete_reviewed_and_repaired"

scope:
  version: "v0.1"
  stage_range: "STAGE-031..STAGE-040"
  acceptance_range: "ACC-STAGE-031..ACC-STAGE-040"
  source_index: "KM_IDSystem/docs/pursuing_goal/ids_v0_1/V0_1_STAGE_EXECUTION_INDEX.csv"
  previous_batch_evidence_ref: "KM_IDSystem/docs/pursuing_goal/ids_v0_1/BATCH021_030_UPLOAD_LOCK.yaml"

data_boundary:
  ids_metadata_raw_root: "/Users/linzezhang/Downloads/IDS_MetaData"
  boundary_record: "KM_IDSystem/docs/pursuing_goal/ids_v0_1/IDS_METADATA_RAW_DATA_BOUNDARY.md"
  raw_root_policy: "read-only; do not modify, delete, move, scan, dump, hash, or copy raw database content"
  real_data_only_policy: "All IDS runtime corpus, database-backed content, analytics inputs, reports, indexes, manifests, and committed examples must use real user-approved data; fake business data and fabricated evidence are forbidden."
  local_existence_check: "IDS_METADATA_ROOT_EXISTS"

upload_gate:
  push_allowed: false
  blocked_until:
    - "STAGE-031 through STAGE-040 all completed."
    - "Every completed Stage has durable local evidence."
    - "Tenth-stage review gate completes and repairs findings."
    - "Separate batch upload gate runs after review; no single-stage GitHub upload gate."
    - "App entries are reinstalled only after the whole ten-stage batch is uploaded to GitHub main."
  github_target: "main"
  next_batch_review_gate: "IDS-V0_1-BATCH-031-040-REVIEW-GATE"
  next_batch_upload_gate: "IDS-V0_1-BATCH-031-040-UPLOAD-GATE"

stage_progress:
  STAGE-031:
    status: "completed_reviewed_local"
    completed_phases:
      - "Phase 1"
      - "Phase 2"
      - "Phase 3"
      - "Phase 4"
    review_status: "passed"
    next_stage: "STAGE-032"
    next_gate: "IDS-STAGE032-P1-GATE"
    current_task_id: "IDS-V0_1-STAGE031-REVIEW"
    acceptance_id: "ACC-STAGE-031"
    acceptance_status: "reviewed_local_passed"
    evidence_refs:
      - "KM_IDSystem/docs/pursuing_goal/ids_v0_1/STAGE031_ENTRY_CONTRACT.md"
      - "KM_IDSystem/docs/pursuing_goal/ids_v0_1/STAGE031_PHASE1_SCOPE_BOUNDARY.md"
      - "KM_IDSystem/docs/pursuing_goal/ids_v0_1/STAGE031_PHASE2_SCHEMA_MIGRATION_SAFETY_SLICE.md"
      - "KM_IDSystem/docs/pursuing_goal/ids_v0_1/STAGE031_PHASE3_SCENARIO_VALIDATION.md"
      - "KM_IDSystem/docs/pursuing_goal/ids_v0_1/STAGE031_PHASE4_CLOSEOUT.md"
      - "KM_IDSystem/docs/pursuing_goal/ids_v0_1/STAGE031_STAGE_REVIEW.md"
      - "KM_IDSystem/docs/pursuing_goal/ids_v0_1/schema_migration_safety/stage031_migration_safety_index.json"
      - "KM_IDSystem/scripts/check_schema_migration_safety.py"
      - "KM_IDSystem/docs/pursuing_goal/ids_v0_1/tests/test_stage031_schema_migration_safety.py"
      - "KM_IDSystem/docs/pursuing_goal/ids_v0_1/BATCH031_040_UPLOAD_LOCK.yaml"
      - "KM_IDSystem/docs/pursuing_goal/ids_v0_1/IDS_METADATA_RAW_DATA_BOUNDARY.md"

decision:
  current_task_id: "IDS-V0_1-STAGE031-REVIEW"
  next_allowed_task_id: "IDS-V0_1-STAGE032-P1"
  github_upload_allowed: false
  current_run: "STAGE-031 review gate verifies P0 source binding, Phase 1-4 evidence, schema migration safety checker, scenario validation, closeout, raw data boundary, owner/governance render path, and no-upload state; it records completed_reviewed_local without connecting to PostgreSQL, executing migrations, reading raw metadata content, uploading to GitHub, creating a PR, merging, reinstalling app entries, running batch review, or entering STAGE-032."
  no_upload_reason: "BATCH031_040 has only STAGE-031 completed and reviewed; upload remains blocked until STAGE-032..040 are completed, reviewed, repaired, and a separate batch upload gate runs."
