schema_version: "ids.v0_1.batch_upload_lock.v1"
batch_id: "IDS-V0_1-BATCH-001-010"
created_at_utc: "2026-07-02T04:29:53Z"
updated_at_utc: "2026-07-02T10:07:42Z"
status: "local_in_progress"

repository:
  owner_repo: "LinzeColin/CodexProject"
  worktree_path: "/Users/linzezhang/Documents/Codex/main_worktree/CodexProject/KM_IDS"
  target_project_path: "KM_IDSystem"
  local_branch: "codex/ids-v0-1-stages-001-010"
  upstream_policy: "do_not_push_until_batch_complete_reviewed_and_repaired"

scope:
  version: "v0.1"
  stage_range: "STAGE-001..STAGE-010"
  acceptance_range: "ACC-STAGE-001..ACC-STAGE-010"
  source_index: "KM_IDSystem/docs/pursuing_goal/ids_v0_1/V0_1_STAGE_EXECUTION_INDEX.csv"

upload_gate:
  push_allowed: false
  required_before_push:
    - "STAGE-001 through STAGE-010 all completed."
    - "Each completed Stage has durable local evidence."
    - "Every tenth-stage review finding is fixed or explicitly deferred with a stop gate."
    - "check-render --project KM_IDSystem returns drift_count=0."
    - "Changed scope remains inside KM_IDSystem/ and allowed governance roots."
    - "No open blocker tied to raw data, secrets, local generated data, or sparse-worktree expansion."
  github_target: "main"

stage_progress:
  STAGE-001:
    status: "completed_local"
    completed_phases:
      - "Phase 1"
      - "Phase 2"
      - "Phase 3"
      - "Phase 4"
    next_stage: "STAGE-002"
    current_task_id: "IDS-V0_1-STAGE001-P4"
    acceptance_id: "ACC-STAGE-001"
    acceptance_status: "local_passed"
    evidence_refs:
      - "KM_IDSystem/docs/pursuing_goal/ids_v0_1/STAGE001_PHASE1_SCOPE_BOUNDARY.md"
      - "KM_IDSystem/docs/pursuing_goal/ids_v0_1/STAGE001_PHASE2_NAMING_IMPLEMENTATION.md"
      - "KM_IDSystem/docs/pursuing_goal/ids_v0_1/STAGE001_PHASE3_VALIDATION_SCAN.md"
      - "KM_IDSystem/docs/pursuing_goal/ids_v0_1/STAGE001_PHASE4_CLOSEOUT.md"
  STAGE-002:
    status: "completed_local"
    completed_phases:
      - "Phase 1"
      - "Phase 2"
      - "Phase 3"
      - "Phase 4"
    next_stage: "STAGE-003"
    current_task_id: "IDS-V0_1-STAGE002-P4"
    acceptance_id: "ACC-STAGE-002"
    acceptance_status: "local_passed"
    evidence_refs:
      - "KM_IDSystem/docs/pursuing_goal/ids_v0_1/STAGE002_ENTRY_CONTRACT.md"
      - "KM_IDSystem/docs/pursuing_goal/ids_v0_1/STAGE002_PHASE1_SCOPE_BOUNDARY.md"
      - "KM_IDSystem/docs/pursuing_goal/ids_v0_1/STAGE002_PHASE2_METADATA_SKELETON.md"
      - "KM_IDSystem/docs/pursuing_goal/ids_v0_1/STAGE002_PHASE3_VALIDATION_SCAN.md"
      - "KM_IDSystem/docs/pursuing_goal/ids_v0_1/STAGE002_PHASE4_CLOSEOUT.md"
      - "KM_IDSystem/product_meta_database/README.md"
      - "KM_IDSystem/product_meta_database/validate_product_meta_database.py"
  STAGE-003:
    status: "completed_local"
    completed_phases:
      - "Phase 1"
      - "Phase 2"
      - "Phase 3"
      - "Phase 4"
    next_stage: "STAGE-004"
    current_task_id: "IDS-V0_1-STAGE003-P4"
    acceptance_id: "ACC-STAGE-003"
    acceptance_status: "local_passed"
    evidence_refs:
      - "KM_IDSystem/docs/pursuing_goal/ids_v0_1/STAGE003_ENTRY_CONTRACT.md"
      - "KM_IDSystem/docs/pursuing_goal/ids_v0_1/STAGE003_PHASE1_SCOPE_BOUNDARY.md"
      - "KM_IDSystem/docs/pursuing_goal/ids_v0_1/STAGE003_PHASE2_REFERENCE_MIGRATION.md"
      - "KM_IDSystem/docs/pursuing_goal/ids_v0_1/STAGE003_PHASE3_VALIDATION_SCAN.md"
      - "KM_IDSystem/docs/pursuing_goal/ids_v0_1/STAGE003_PHASE4_CLOSEOUT.md"
      - "KM_IDSystem/docs/pursuing_goal/ids_v0_1/validate_stage003_finance_meta_rename.py"
      - "KM_IDSystem/docs/pursuing_goal/ids_v0_1/tests/test_stage003_finance_meta_rename.py"
  STAGE-004:
    status: "completed_local"
    completed_phases:
      - "Phase 1"
      - "Phase 2"
      - "Phase 3"
      - "Phase 4"
    next_stage: "STAGE-005"
    current_task_id: "IDS-V0_1-STAGE004-P4"
    acceptance_id: "ACC-STAGE-004"
    acceptance_status: "local_passed"
    evidence_refs:
      - "KM_IDSystem/docs/pursuing_goal/ids_v0_1/STAGE004_ENTRY_CONTRACT.md"
      - "KM_IDSystem/docs/pursuing_goal/ids_v0_1/STAGE004_PHASE1_SCOPE_BOUNDARY.md"
      - "KM_IDSystem/docs/pursuing_goal/ids_v0_1/STAGE004_PHASE2_LEGACY_NAME_SCAN.md"
      - "KM_IDSystem/docs/pursuing_goal/ids_v0_1/STAGE004_PHASE3_VALIDATION_SCAN.md"
      - "KM_IDSystem/docs/pursuing_goal/ids_v0_1/STAGE004_PHASE4_CLOSEOUT.md"
      - "KM_IDSystem/docs/pursuing_goal/ids_v0_1/validate_stage004_legacy_name_scan.py"
      - "KM_IDSystem/docs/pursuing_goal/ids_v0_1/tests/test_stage004_legacy_name_scan.py"
  STAGE-005:
    status: "completed_local"
    completed_phases:
      - "Phase 1"
      - "Phase 2"
      - "Phase 3"
      - "Phase 4"
    next_stage: "STAGE-006"
    current_task_id: "IDS-V0_1-STAGE005-P4"
    acceptance_id: "ACC-STAGE-005"
    acceptance_status: "local_passed"
    evidence_refs:
      - "KM_IDSystem/docs/pursuing_goal/ids_v0_1/STAGE005_ENTRY_CONTRACT.md"
      - "KM_IDSystem/docs/pursuing_goal/ids_v0_1/STAGE005_PHASE1_SCOPE_BOUNDARY.md"
      - "KM_IDSystem/docs/pursuing_goal/ids_v0_1/STAGE005_PHASE2_GOVERNANCE_REGRESSION.md"
      - "KM_IDSystem/docs/pursuing_goal/ids_v0_1/STAGE005_PHASE3_VALIDATION_SCAN.md"
      - "KM_IDSystem/docs/pursuing_goal/ids_v0_1/STAGE005_PHASE4_CLOSEOUT.md"
      - "KM_IDSystem/docs/pursuing_goal/ids_v0_1/validate_stage005_governance_regression.py"
      - "KM_IDSystem/docs/pursuing_goal/ids_v0_1/tests/test_stage005_governance_regression.py"
  STAGE-006:
    status: "completed_local"
    completed_phases:
      - "Phase 1"
      - "Phase 2"
      - "Phase 3"
      - "Phase 4"
    next_stage: "STAGE-007"
    current_task_id: "IDS-V0_1-STAGE006-P4"
    acceptance_id: "ACC-STAGE-006"
    acceptance_status: "local_passed"
    evidence_refs:
      - "KM_IDSystem/docs/pursuing_goal/ids_v0_1/STAGE006_ENTRY_CONTRACT.md"
      - "KM_IDSystem/docs/pursuing_goal/ids_v0_1/STAGE006_PHASE1_SCOPE_BOUNDARY.md"
      - "KM_IDSystem/docs/pursuing_goal/ids_v0_1/STAGE006_PHASE2_ENVIRONMENT_BASELINE.md"
      - "KM_IDSystem/docs/pursuing_goal/ids_v0_1/STAGE006_PHASE3_SCENARIO_VALIDATION.md"
      - "KM_IDSystem/docs/pursuing_goal/ids_v0_1/STAGE006_PHASE4_CLOSEOUT.md"
      - "KM_IDSystem/scripts/check_environment_baseline.py"
      - "KM_IDSystem/docs/pursuing_goal/ids_v0_1/tests/test_stage006_environment_baseline.py"
  STAGE-007:
    status: "completed_local"
    completed_phases:
      - "Phase 1"
      - "Phase 2"
      - "Phase 3"
      - "Phase 4"
    next_stage: "STAGE-008"
    current_task_id: "IDS-V0_1-STAGE007-P4"
    acceptance_id: "ACC-STAGE-007"
    acceptance_status: "local_passed"
    evidence_refs:
      - "KM_IDSystem/docs/pursuing_goal/ids_v0_1/STAGE007_ENTRY_CONTRACT.md"
      - "KM_IDSystem/docs/pursuing_goal/ids_v0_1/STAGE007_PHASE1_SCOPE_BOUNDARY.md"
      - "KM_IDSystem/docs/pursuing_goal/ids_v0_1/STAGE007_PHASE2_IDS_DATA_ROOT_DETECTOR.md"
      - "KM_IDSystem/docs/pursuing_goal/ids_v0_1/STAGE007_PHASE3_SCENARIO_VALIDATION.md"
      - "KM_IDSystem/docs/pursuing_goal/ids_v0_1/STAGE007_PHASE4_CLOSEOUT.md"
      - "KM_IDSystem/scripts/detect_ids_data_root.py"
      - "KM_IDSystem/docs/pursuing_goal/ids_v0_1/tests/test_stage007_ids_data_root_detector.py"
      - "KM_IDSystem/docs/pursuing_goal/ids_v0_1/BATCH001_010_UPLOAD_LOCK.yaml"
  STAGE-008:
    status: "completed_local"
    completed_phases:
      - "Phase 1"
      - "Phase 2"
      - "Phase 3"
      - "Phase 4"
    next_stage: "STAGE-009"
    current_task_id: "IDS-V0_1-STAGE008-P4"
    acceptance_id: "ACC-STAGE-008"
    acceptance_status: "local_passed"
    evidence_refs:
      - "KM_IDSystem/docs/pursuing_goal/ids_v0_1/STAGE008_ENTRY_CONTRACT.md"
      - "KM_IDSystem/docs/pursuing_goal/ids_v0_1/STAGE008_PHASE1_SCOPE_BOUNDARY.md"
      - "KM_IDSystem/docs/pursuing_goal/ids_v0_1/STAGE008_PHASE2_REMOVABLE_DRIVE_STATE.md"
      - "KM_IDSystem/docs/pursuing_goal/ids_v0_1/STAGE008_PHASE3_SCENARIO_VALIDATION.md"
      - "KM_IDSystem/docs/pursuing_goal/ids_v0_1/STAGE008_PHASE4_CLOSEOUT.md"
      - "KM_IDSystem/scripts/check_removable_drive_state.py"
      - "KM_IDSystem/docs/pursuing_goal/ids_v0_1/tests/test_stage008_removable_drive_state.py"
      - "KM_IDSystem/docs/pursuing_goal/ids_v0_1/BATCH001_010_UPLOAD_LOCK.yaml"
  STAGE-009:
    status: "completed_local"
    completed_phases:
      - "Phase 1"
      - "Phase 2"
      - "Phase 3"
      - "Phase 4"
    next_stage: "STAGE-010"
    current_task_id: "IDS-V0_1-STAGE009-P4"
    acceptance_id: "ACC-STAGE-009"
    acceptance_status: "local_passed"
    evidence_refs:
      - "KM_IDSystem/docs/pursuing_goal/ids_v0_1/STAGE009_ENTRY_CONTRACT.md"
      - "KM_IDSystem/docs/pursuing_goal/ids_v0_1/STAGE009_PHASE1_SCOPE_BOUNDARY.md"
      - "KM_IDSystem/docs/pursuing_goal/ids_v0_1/STAGE009_PHASE2_STORAGE_BUDGET_BASELINE.md"
      - "KM_IDSystem/docs/pursuing_goal/ids_v0_1/STAGE009_PHASE3_SCENARIO_VALIDATION.md"
      - "KM_IDSystem/docs/pursuing_goal/ids_v0_1/STAGE009_PHASE4_CLOSEOUT.md"
      - "KM_IDSystem/scripts/check_storage_budget.py"
      - "KM_IDSystem/docs/pursuing_goal/ids_v0_1/tests/test_stage009_storage_budget.py"
      - "KM_IDSystem/docs/pursuing_goal/ids_v0_1/BATCH001_010_UPLOAD_LOCK.yaml"
  STAGE-010:
    status: "completed_local_pending_review"
    completed_phases:
      - "Phase 1"
      - "Phase 2"
      - "Phase 3"
      - "Phase 4"
    next_phase: "stage_review"
    current_task_id: "IDS-V0_1-STAGE010-P4"
    acceptance_id: "ACC-STAGE-010"
    acceptance_status: "phase4_closeout_complete_pending_stage_review"
    evidence_refs:
      - "KM_IDSystem/docs/pursuing_goal/ids_v0_1/STAGE010_ENTRY_CONTRACT.md"
      - "KM_IDSystem/docs/pursuing_goal/ids_v0_1/STAGE010_PHASE1_SCOPE_BOUNDARY.md"
      - "KM_IDSystem/scripts/check_local_path_contract.py"
      - "KM_IDSystem/docs/pursuing_goal/ids_v0_1/tests/test_stage010_local_path_contract.py"
      - "KM_IDSystem/docs/pursuing_goal/ids_v0_1/STAGE010_PHASE2_LOCAL_PATH_CONTRACT.md"
      - "KM_IDSystem/docs/pursuing_goal/ids_v0_1/STAGE010_PHASE3_SCENARIO_VALIDATION.md"
      - "KM_IDSystem/docs/pursuing_goal/ids_v0_1/STAGE010_PHASE4_CLOSEOUT.md"
      - "KM_IDSystem/docs/pursuing_goal/ids_v0_1/BATCH001_010_UPLOAD_LOCK.yaml"

decision:
  current_run: "Completed only STAGE-010 Phase 4 locally; STAGE-010 is complete pending whole-stage review/fix and batch upload remains locked."
  no_upload_reason: "The user requires one GitHub main upload only after each completed and repaired 10-Stage batch."
