schema_version: "ids.v0_1.batch_upload_lock.v1"
batch_id: "IDS-V0_1-BATCH-051-060"
created_at_utc: "2026-08-12T13:19:44Z"
updated_at_utc: "2026-08-12T17:28:36Z"
status: "stage052_completed_reviewed_local"

predecessor_batch_id: "IDS-V0_1-BATCH-041-050"
predecessor_review_task_id: "IDS-V0_1-BATCH-041-050-REVIEW-GATE"
predecessor_review_ref: "KM_IDSystem/docs/pursuing_goal/ids_v0_1/BATCH041_050_REVIEW_GATE.md"

transition_history:
  stage052_review_state:
    status: "stage052_completed_reviewed_local"
    current_task_id: "IDS-V0_1-STAGE052-REVIEW"
    next_gate: "IDS-STAGE053-P1-GATE"
    next_allowed_task_id: "IDS-V0_1-STAGE053-P1"
    github_upload_allowed: false
  stage052_phase4_state:
    status: "stage052_phase4_completed_review_pending"
    current_task_id: "IDS-V0_1-STAGE052-P4"
    next_gate: "IDS-STAGE052-REVIEW-GATE"
    next_allowed_task_id: "IDS-V0_1-STAGE052-REVIEW"
    github_upload_allowed: false
  stage052_phase3_state:
    status: "stage052_phase3_completed"
    current_task_id: "IDS-V0_1-STAGE052-P3"
    next_gate: "IDS-STAGE052-P4-GATE"
    next_allowed_task_id: "IDS-V0_1-STAGE052-P4"
    github_upload_allowed: false
  stage052_phase2_state:
    status: "stage052_phase2_completed"
    current_task_id: "IDS-V0_1-STAGE052-P2"
    next_gate: "IDS-STAGE052-P3-GATE"
    next_allowed_task_id: "IDS-V0_1-STAGE052-P3"
    github_upload_allowed: false
  stage052_phase1_state:
    status: "stage052_phase1_completed"
    current_task_id: "IDS-V0_1-STAGE052-P1"
    next_gate: "IDS-STAGE052-P2-GATE"
    next_allowed_task_id: "IDS-V0_1-STAGE052-P2"
    github_upload_allowed: false
  stage051_review_state:
    status: "stage051_completed_reviewed_local"
    current_task_id: "IDS-V0_1-STAGE051-REVIEW"
    next_gate: "IDS-STAGE052-P1-GATE"
    next_allowed_task_id: "IDS-V0_1-STAGE052-P1"
    github_upload_allowed: false
  stage051_phase4_state:
    status: "stage051_phase4_completed_review_pending"
    current_task_id: "IDS-V0_1-STAGE051-P4"
    next_gate: "IDS-STAGE051-REVIEW-GATE"
    next_allowed_task_id: "IDS-V0_1-STAGE051-REVIEW"
    github_upload_allowed: false
  stage051_phase3_state:
    status: "stage051_phase3_completed"
    current_task_id: "IDS-V0_1-STAGE051-P3"
    next_gate: "IDS-STAGE051-P4-GATE"
    next_allowed_task_id: "IDS-V0_1-STAGE051-P4"
    github_upload_allowed: false
  stage051_phase2_state:
    status: "stage051_phase2_completed"
    current_task_id: "IDS-V0_1-STAGE051-P2"
    next_gate: "IDS-STAGE051-P3-GATE"
    next_allowed_task_id: "IDS-V0_1-STAGE051-P3"
    github_upload_allowed: false
  stage051_phase1_state:
    status: "stage051_phase1_completed"
    current_task_id: "IDS-V0_1-STAGE051-P1"
    next_gate: "IDS-STAGE051-P2-GATE"
    next_allowed_task_id: "IDS-V0_1-STAGE051-P2"
    github_upload_allowed: false
  batch041_050_review_entry_state:
    status: "batch041_050_reviewed_local_global_upload_locked"
    current_task_id: "IDS-V0_1-BATCH-041-050-REVIEW-GATE"
    next_gate: "IDS-STAGE051-P1-GATE"
    next_allowed_task_id: "IDS-V0_1-STAGE051-P1"
    github_upload_allowed: false

batch_scope:
  version: "v0.1"
  stage_range: "STAGE-051..STAGE-060"
  acceptance_range: "ACC-STAGE-051..ACC-STAGE-060"
  source_index: "KM_IDSystem/docs/pursuing_goal/ids_v0_1/V0_1_STAGE_EXECUTION_INDEX.csv"
  previous_batch_evidence_ref: "KM_IDSystem/docs/pursuing_goal/ids_v0_1/BATCH041_050_UPLOAD_LOCK.yaml"

data_boundary:
  ids_metadata_raw_root: "/Users/linzezhang/Downloads/IDS_MetaData"
  boundary_record: "KM_IDSystem/docs/pursuing_goal/ids_v0_1/IDS_METADATA_RAW_DATA_BOUNDARY.md"
  raw_root_policy: "read-only path-only boundary; do not modify, delete, move, scan, dump, hash, list, open, or copy raw database content"
  real_data_only_policy: "All IDS runtime corpus, database-backed content, analytics inputs, reports, indexes, manifests, and committed examples must use real user-approved data; fake business data and fabricated evidence are forbidden."

upload_gate:
  push_allowed: false
  github_upload_allowed: false
  batch_upload_gate_deferred: true
  global_release_acceptance_required: "ACC-STAGE-168"
  blocked_until:
    - "The frozen taskpack is completed through STAGE-168 and final acceptance is passed."
    - "A separate global release review confirms all local evidence and rollback evidence."
    - "A separately authorized global upload gate is completed; no stage or batch gate enables upload."
    - "App entries remain unchanged until the final global release route is completed."
  github_target: "main"
  deferred_batch_review_gate: "IDS-V0_1-BATCH-051-060-REVIEW-GATE"
  deferred_batch_upload_gate: "IDS-V0_1-BATCH-051-060-UPLOAD-GATE"

stage_progress:
  STAGE-051:
    status: "stage051_completed_reviewed_local"
    completed_phases:
      - "Phase 1"
      - "Phase 2"
      - "Phase 3"
      - "Phase 4"
    next_phase: "Stage052 Phase 1"
    next_gate: "IDS-STAGE052-P1-GATE"
    current_task_id: "IDS-V0_1-STAGE051-REVIEW"
    acceptance_id: "ACC-STAGE-051"
    acceptance_status: "stage051_ocr_queue_reviewed_local"
    review_status: "passed"
    phase2_entry_authorized: true
    phase3_entry_authorized: true
    phase4_entry_authorized: true
    taskpack_context_read_performed: true
    source_authority: "FROZEN_TASKPACK_TEXT_STAGE051_P1_TO_P4_AND_BATCH041_050_REVIEW_ARTIFACTS"
    second_authoritative_source_created: false
    source_body_or_path_allowed: false
    raw_metadata_content_accessed: false
    ids_business_source_read_performed: false
    source_file_open_performed: false
    file_type_detection_performed: false
    route_evaluation_performed: false
    parser_execution_performed: false
    parser_output_created: false
    prompt_injection_marker_application_performed: false
    ocr_queue_contract_schema: "ids.stage051.ocr_queue.stage_review.v1"
    contract_state: "STAGE051_REVIEWED_LOCAL_OCR_QUEUE_RUNTIME_DISABLED"
    execution_ready: false
    reference_only_ocr_input_field_count: 7
    per_page_output_field_count: 8
    declared_input_kind_count: 3
    default_language_count: 2
    default_simplified_chinese_and_english_declared: true
    in_memory_ocr_queue_slice_implemented: true
    in_memory_queue_record_created: true
    in_memory_page_output_created: true
    source_page_reference_derived: true
    control_page_output_count: 4
    low_confidence_state_recorded: true
    failed_page_state_recorded: true
    mixed_language_state_recorded: true
    controlled_ocr_quality_scenarios_evaluated: true
    control_quality_scenario_count: 5
    taskpack_quality_categories_covered: true
    control_queue_reexecuted: true
    control_queue_shape_preserved: true
    low_confidence_degraded_not_queued_count: 1
    mixed_language_degraded_not_queued_count: 1
    failed_page_quality_scenario_count: 1
    silent_drop_count: 0
    delivery_evidence_derived: true
    delivery_metadata_only_sample_count: 5
    controlled_confidence_report_created: true
    controlled_failure_list_count: 1
    declared_review_route_proof_count: 2
    quality_limitations_recorded_in_chinese: true
    human_confirmation_prompt_count: 3
    real_pdf_or_image_opened: false
    table_structure_extraction_performed: false
    recognition_accuracy_evaluated: false
    cache_policy: "IN_MEMORY_REBUILDABLE_NOT_PERSISTED"
    ocr_engine_selected: false
    ocr_engine_configuration_performed: false
    ocr_queue_created: false
    persistent_queue_created: false
    ocr_engine_invocation_performed: false
    pdf_rasterization_performed: false
    image_processing_performed: false
    page_output_created: false
    persistent_page_output_created: false
    confidence_threshold_assigned: false
    low_confidence_direct_high_trust_allowed: false
    review_queue_created: false
    cache_created: false
    cache_write_performed: false
    cache_cleanup_performed: false
    temporary_artifact_count: 0
    cache_cleanup_action: "NO_TEMPORARY_ARTIFACT_CREATED"
    quality_gate_evaluation_performed: false
    evidence_promotion_performed: false
    manifest_write_performed: false
    evidence_ledger_write_performed: false
    audit_write_performed: false
    index_write_performed: false
    report_write_performed: false
    job_creation_performed: false
    state_transition_performed: false
    in_memory_control_job_created: true
    in_memory_state_transition_recorded: true
    persistent_state_write_performed: false
    database_connection_performed: false
    agent_execution_performed: false
    model_call_performed: false
    model_token_consumption_performed: false
    local_service_start_performed: false
    ovh_deployment_performed: false
    production_runtime_activation_performed: false
    phase2_started: true
    phase3_started: true
    phase4_started: true
    whole_stage_review_performed: true
    stage052_started: false
    stage052_entry_authorized: false
    batch_review_performed: false
    github_upload_allowed: false
    push_allowed: false
    app_reinstall_allowed: false
    stage_review_schema: "ids.stage051.ocr_queue.stage_review.v1"
    stage_review_result: "PASS_REVIEWED_LOCAL_OCR_QUEUE_RUNTIME_DISABLED"
    review_finding_count: 0
    phase1_contract_valid: true
    phase2_slice_valid: true
    phase3_scenarios_valid: true
    phase4_delivery_valid: true
    single_authority_boundary_preserved: true
    phase1_to_phase4_contracts_valid: true
    explicit_disposition_and_no_silent_drop_preserved: true
    metadata_only_delivery_boundary_preserved: true
    quality_limit_and_confirmation_boundary_preserved: true
    cache_and_rerun_boundary_preserved: true
    rollback_chain_preserved: true
    runtime_and_external_actions_disabled: true
    evidence_refs:
      - "KM_IDSystem/docs/pursuing_goal/ids_v0_1/STAGE051_PHASE1_OCR_QUEUE_SCOPE_BOUNDARY.md"
      - "KM_IDSystem/docs/pursuing_goal/ids_v0_1/ocr_queue/stage051_ocr_queue_contract.json"
      - "KM_IDSystem/docs/pursuing_goal/ids_v0_1/tests/test_stage051_ocr_queue.py"
      - "KM_IDSystem/machine/runs/2026-08-12-stage051-p1-local.json"
      - "KM_IDSystem/docs/pursuing_goal/ids_v0_1/STAGE051_PHASE2_OCR_QUEUE_SLICE.md"
      - "KM_IDSystem/docs/pursuing_goal/ids_v0_1/ocr_queue/stage051_ocr_queue_slice_contract.json"
      - "KM_IDSystem/docs/pursuing_goal/ids_v0_1/ocr_queue/stage051_ocr_queue_slice.py"
      - "KM_IDSystem/docs/pursuing_goal/ids_v0_1/tests/test_stage051_ocr_queue_slice.py"
      - "KM_IDSystem/machine/runs/2026-08-12-stage051-p2-local.json"
      - "KM_IDSystem/docs/pursuing_goal/ids_v0_1/STAGE051_PHASE3_OCR_QUALITY_SCENARIOS.md"
      - "KM_IDSystem/docs/pursuing_goal/ids_v0_1/ocr_queue/stage051_ocr_queue_quality_scenarios_contract.json"
      - "KM_IDSystem/docs/pursuing_goal/ids_v0_1/ocr_queue/stage051_ocr_queue_quality_scenarios.py"
      - "KM_IDSystem/docs/pursuing_goal/ids_v0_1/tests/test_stage051_ocr_queue_quality_scenarios.py"
      - "KM_IDSystem/machine/runs/2026-08-13-stage051-p3-local.json"
      - "KM_IDSystem/docs/pursuing_goal/ids_v0_1/STAGE051_PHASE4_OCR_QUEUE_DELIVERY_CLOSEOUT.md"
      - "KM_IDSystem/docs/pursuing_goal/ids_v0_1/ocr_queue/stage051_ocr_queue_delivery_contract.json"
      - "KM_IDSystem/docs/pursuing_goal/ids_v0_1/ocr_queue/stage051_ocr_queue_delivery.py"
      - "KM_IDSystem/docs/pursuing_goal/ids_v0_1/tests/test_stage051_ocr_queue_delivery.py"
      - "KM_IDSystem/machine/runs/2026-08-13-stage051-p4-local.json"
      - "KM_IDSystem/docs/pursuing_goal/ids_v0_1/STAGE051_STAGE_REVIEW.md"
      - "KM_IDSystem/docs/pursuing_goal/ids_v0_1/ocr_queue/stage051_ocr_queue_stage_review.py"
      - "KM_IDSystem/docs/pursuing_goal/ids_v0_1/tests/test_stage051_ocr_queue_stage_review.py"
      - "KM_IDSystem/machine/runs/2026-08-13-stage051-review-local.json"
      - "KM_IDSystem/docs/pursuing_goal/ids_v0_1/BATCH051_060_UPLOAD_LOCK.yaml"
      - "KM_IDSystem/docs/pursuing_goal/ids_v0_1/BATCH041_050_REVIEW_GATE.md"
      - "KM_IDSystem/docs/pursuing_goal/ids_v0_1/IDS_METADATA_RAW_DATA_BOUNDARY.md"
  STAGE-052:
    status: "stage052_completed_reviewed_local"
    completed_phases:
      - "Phase 1"
      - "Phase 2"
      - "Phase 3"
      - "Phase 4"
    next_phase: "Stage053 Phase 1"
    next_gate: "IDS-STAGE053-P1-GATE"
    current_task_id: "IDS-V0_1-STAGE052-REVIEW"
    acceptance_id: "ACC-STAGE-052"
    acceptance_status: "stage052_bilingual_ocr_reviewed_local"
    phase2_entry_authorized: true
    phase3_entry_authorized: true
    phase4_entry_authorized: true
    stage_review_entry_authorized: true
    taskpack_context_read_performed: true
    source_authority: "FROZEN_TASKPACK_TEXT_STAGE052_P1_TO_P4_AND_STAGE051_REVIEW_ARTIFACTS"
    second_authoritative_source_created: false
    source_body_or_path_allowed: false
    raw_metadata_content_accessed: false
    ids_business_source_read_performed: false
    source_file_open_performed: false
    file_type_detection_performed: false
    route_evaluation_performed: false
    parser_execution_performed: false
    ocr_queue_baseline_reused_as_reference_only: true
    bilingual_ocr_contract_schema: "ids.stage052.bilingual_ocr.stage_review.v1"
    contract_state: "STAGE052_REVIEWED_LOCAL_BILINGUAL_OCR_RUNTIME_DISABLED"
    execution_ready: false
    reference_only_ocr_input_field_count: 7
    per_page_output_field_count: 8
    declared_input_kind_count: 3
    default_language_count: 2
    default_simplified_chinese_and_english_confirmed: true
    allowed_language_profile_count: 3
    mixed_language_profile_declared: true
    language_engine_mapping_defined: false
    language_detection_performed: false
    mixed_language_runtime_processing_performed: false
    in_memory_bilingual_ocr_queue_slice_implemented: true
    in_memory_queue_record_created: true
    in_memory_page_output_created: true
    source_page_reference_derived: true
    control_page_output_count: 4
    symbolic_control_output_count: 3
    actual_ocr_text_created: false
    low_confidence_state_recorded: true
    failed_page_state_recorded: true
    mixed_language_state_recorded: true
    low_confidence_direct_high_trust_allowed: false
    mixed_language_direct_high_trust_allowed: false
    review_route_declared: "STAGE054_CONTROLLED_REVIEW_ROUTE_REQUIRED"
    controlled_bilingual_ocr_quality_scenarios_evaluated: true
    control_quality_scenario_count: 5
    taskpack_quality_categories_covered: true
    control_queue_reexecuted: true
    control_queue_shape_preserved: true
    low_confidence_degraded_not_queued_count: 1
    mixed_language_degraded_not_queued_count: 1
    failed_page_quality_scenario_count: 1
    silent_drop_count: 0
    real_pdf_or_image_opened: false
    table_structure_extraction_performed: false
    recognition_accuracy_evaluated: false
    bilingual_delivery_evidence_derived: true
    delivery_metadata_only_sample_count: 5
    delivery_sample_kind: "DELIVERY_METADATA_ONLY_BILINGUAL_OCR_OUTPUT_SAMPLE_NOT_REAL_OCR"
    controlled_bilingual_confidence_report_created: true
    confidence_count_high: 2
    confidence_count_medium: 1
    confidence_count_low: 1
    confidence_count_unknown: 1
    controlled_bilingual_failure_list_count: 1
    declared_bilingual_review_route_proof_count: 2
    quality_limitations_recorded_in_chinese: true
    human_confirmation_prompt_count: 3
    automatic_confirmation_performed: false
    actual_ocr_delivery_implemented: false
    high_trust_evidence_promotion_allowed: false
    cache_policy: "IN_MEMORY_REBUILDABLE_NOT_PERSISTED"
    cache_created: false
    cache_write_performed: false
    cache_storage_location_assigned: false
    cache_retention_policy_defined: false
    cache_cleanup_performed: false
    temporary_artifact_count: 0
    cache_cleanup_action: "NO_TEMPORARY_ARTIFACT_CREATED"
    cache_cleanup_owner: "STAGE-056"
    ocr_engine_selected: false
    ocr_engine_configuration_performed: false
    ocr_engine_invocation_performed: false
    pdf_rasterization_performed: false
    image_processing_performed: false
    ocr_queue_created: false
    page_output_created: false
    review_queue_created: false
    quality_gate_evaluation_performed: false
    evidence_promotion_performed: false
    manifest_write_performed: false
    evidence_ledger_write_performed: false
    audit_write_performed: false
    report_write_performed: false
    persistent_state_write_performed: false
    database_connection_performed: false
    agent_execution_performed: false
    model_call_performed: false
    model_token_consumption_performed: false
    local_service_start_performed: false
    ovh_deployment_performed: false
    production_runtime_activation_performed: false
    stage052_started: true
    phase2_started: true
    phase3_started: true
    phase4_started: true
    whole_stage_review_performed: true
    stage053_started: false
    stage053_entry_authorized: false
    batch_review_performed: false
    github_upload_allowed: false
    push_allowed: false
    app_reinstall_allowed: false
    evidence_refs:
      - "KM_IDSystem/docs/pursuing_goal/ids_v0_1/STAGE052_PHASE4_BILINGUAL_OCR_DELIVERY_CLOSEOUT.md"
      - "KM_IDSystem/docs/pursuing_goal/ids_v0_1/ocr_queue/stage052_bilingual_ocr_delivery_contract.json"
      - "KM_IDSystem/docs/pursuing_goal/ids_v0_1/ocr_queue/stage052_bilingual_ocr_delivery.py"
      - "KM_IDSystem/docs/pursuing_goal/ids_v0_1/tests/test_stage052_bilingual_ocr_delivery.py"
      - "KM_IDSystem/machine/runs/2026-08-13-stage052-p4-local.json"
      - "KM_IDSystem/docs/pursuing_goal/ids_v0_1/STAGE052_PHASE3_BILINGUAL_OCR_QUALITY_SCENARIOS.md"
      - "KM_IDSystem/docs/pursuing_goal/ids_v0_1/ocr_queue/stage052_bilingual_ocr_quality_scenarios_contract.json"
      - "KM_IDSystem/docs/pursuing_goal/ids_v0_1/ocr_queue/stage052_bilingual_ocr_quality_scenarios.py"
      - "KM_IDSystem/docs/pursuing_goal/ids_v0_1/tests/test_stage052_bilingual_ocr_quality_scenarios.py"
      - "KM_IDSystem/machine/runs/2026-08-13-stage052-p3-local.json"
      - "KM_IDSystem/docs/pursuing_goal/ids_v0_1/STAGE052_PHASE2_BILINGUAL_OCR_SLICE.md"
      - "KM_IDSystem/docs/pursuing_goal/ids_v0_1/ocr_queue/stage052_bilingual_ocr_slice_contract.json"
      - "KM_IDSystem/docs/pursuing_goal/ids_v0_1/ocr_queue/stage052_bilingual_ocr_slice.py"
      - "KM_IDSystem/docs/pursuing_goal/ids_v0_1/tests/test_stage052_bilingual_ocr_slice.py"
      - "KM_IDSystem/machine/runs/2026-08-13-stage052-p2-local.json"
      - "KM_IDSystem/docs/pursuing_goal/ids_v0_1/STAGE052_PHASE1_BILINGUAL_OCR_SCOPE_BOUNDARY.md"
      - "KM_IDSystem/docs/pursuing_goal/ids_v0_1/ocr_queue/stage052_bilingual_ocr_contract.json"
      - "KM_IDSystem/docs/pursuing_goal/ids_v0_1/tests/test_stage052_bilingual_ocr.py"
      - "KM_IDSystem/machine/runs/2026-08-13-stage052-p1-local.json"
      - "KM_IDSystem/docs/pursuing_goal/ids_v0_1/STAGE051_STAGE_REVIEW.md"
      - "KM_IDSystem/docs/pursuing_goal/ids_v0_1/STAGE052_STAGE_REVIEW.md"
      - "KM_IDSystem/docs/pursuing_goal/ids_v0_1/ocr_queue/stage052_bilingual_ocr_stage_review.py"
      - "KM_IDSystem/docs/pursuing_goal/ids_v0_1/tests/test_stage052_bilingual_ocr_stage_review.py"
      - "KM_IDSystem/machine/runs/2026-08-13-stage052-review-local.json"
      - "KM_IDSystem/docs/pursuing_goal/ids_v0_1/BATCH051_060_UPLOAD_LOCK.yaml"

decision:
  current_task_id: "IDS-V0_1-STAGE052-REVIEW"
  next_allowed_task_id: "IDS-V0_1-STAGE053-P1"
  github_upload_allowed: false
  push_allowed: false
  global_upload_deferred: true
  current_run: "STAGE-052 Review 只复审 P1--P4 已提交合同与 P3/P4 固定非业务控制报告的字段形状、显式处置、metadata-only 交付、中文确认、缓存边界和回滚链；未打开真实样本，未调用 OCR，未创建持久队列、缓存、复核记录或运行时。"
  no_upload_reason: "冻结任务包要求完成至 ACC-STAGE-168 且经独立全局发布验收后，才可重新考虑任何上传路径。"
