schema_version: "ids.v0_1.batch_upload_lock.v1"
batch_id: "IDS-V0_1-BATCH-061-070"
created_at_utc: "2026-08-13T16:00:34Z"
updated_at_utc: "2026-08-13T22:44:54Z"
status: "stage063_completed_reviewed_local"

predecessor_batch_id: "IDS-V0_1-BATCH-051-060"
predecessor_review_task_id: "IDS-V0_1-BATCH-051-060-REVIEW-GATE"
predecessor_review_ref: "KM_IDSystem/docs/pursuing_goal/ids_v0_1/BATCH051_060_REVIEW_GATE.md"

transition_history:
  stage063_review_state:
    status: "stage063_completed_reviewed_local"
    current_task_id: "IDS-V0_1-STAGE063-REVIEW"
    next_gate: "IDS-STAGE064-P1-GATE"
    next_allowed_task_id: "IDS-V0_1-STAGE064-P1"
    stage064_phase1_entry_authorized: true
    github_upload_allowed: false
  stage063_phase4_state:
    status: "stage063_phase4_completed_review_pending"
    current_task_id: "IDS-V0_1-STAGE063-P4"
    next_gate: "IDS-STAGE063-REVIEW-GATE"
    next_allowed_task_id: "IDS-V0_1-STAGE063-REVIEW"
    stage063_review_entry_authorized: true
    github_upload_allowed: false
  stage063_phase3_state:
    status: "stage063_phase3_completed"
    current_task_id: "IDS-V0_1-STAGE063-P3"
    next_gate: "IDS-STAGE063-P4-GATE"
    next_allowed_task_id: "IDS-V0_1-STAGE063-P4"
    stage063_phase4_entry_authorized: true
    github_upload_allowed: false
  stage063_phase2_state:
    status: "stage063_phase2_completed"
    current_task_id: "IDS-V0_1-STAGE063-P2"
    next_gate: "IDS-STAGE063-P3-GATE"
    next_allowed_task_id: "IDS-V0_1-STAGE063-P3"
    stage063_phase3_entry_authorized: true
    github_upload_allowed: false
  stage063_phase1_state:
    status: "stage063_phase1_completed"
    current_task_id: "IDS-V0_1-STAGE063-P1"
    next_gate: "IDS-STAGE063-P2-GATE"
    next_allowed_task_id: "IDS-V0_1-STAGE063-P2"
    stage063_phase2_entry_authorized: true
    github_upload_allowed: false
  stage062_review_state:
    status: "stage062_completed_reviewed_local"
    current_task_id: "IDS-V0_1-STAGE062-REVIEW"
    next_gate: "IDS-STAGE063-P1-GATE"
    next_allowed_task_id: "IDS-V0_1-STAGE063-P1"
    stage063_phase1_entry_authorized: true
    github_upload_allowed: false
  stage062_phase4_state:
    status: "stage062_phase4_completed_review_pending"
    current_task_id: "IDS-V0_1-STAGE062-P4"
    next_gate: "IDS-STAGE062-REVIEW-GATE"
    next_allowed_task_id: "IDS-V0_1-STAGE062-REVIEW"
    stage062_review_entry_authorized: true
    github_upload_allowed: false
  stage062_phase3_state:
    status: "stage062_phase3_completed"
    current_task_id: "IDS-V0_1-STAGE062-P3"
    next_gate: "IDS-STAGE062-P4-GATE"
    next_allowed_task_id: "IDS-V0_1-STAGE062-P4"
    stage062_phase4_entry_authorized: true
    github_upload_allowed: false
  stage062_phase2_state:
    status: "stage062_phase2_completed"
    current_task_id: "IDS-V0_1-STAGE062-P2"
    next_gate: "IDS-STAGE062-P3-GATE"
    next_allowed_task_id: "IDS-V0_1-STAGE062-P3"
    stage062_phase3_entry_authorized: true
    github_upload_allowed: false
  stage062_phase1_state:
    status: "stage062_phase1_completed"
    current_task_id: "IDS-V0_1-STAGE062-P1"
    next_gate: "IDS-STAGE062-P2-GATE"
    next_allowed_task_id: "IDS-V0_1-STAGE062-P2"
    stage062_phase2_entry_authorized: true
    github_upload_allowed: false
  stage061_review_state:
    status: "stage061_completed_reviewed_local"
    current_task_id: "IDS-V0_1-STAGE061-REVIEW"
    next_gate: "IDS-STAGE062-P1-GATE"
    next_allowed_task_id: "IDS-V0_1-STAGE062-P1"
    stage062_phase1_entry_authorized: true
    github_upload_allowed: false
  stage061_phase4_state:
    status: "stage061_phase4_completed_review_pending"
    current_task_id: "IDS-V0_1-STAGE061-P4"
    next_gate: "IDS-STAGE061-REVIEW-GATE"
    next_allowed_task_id: "IDS-V0_1-STAGE061-REVIEW"
    github_upload_allowed: false
  stage061_phase3_state:
    status: "stage061_phase3_completed"
    current_task_id: "IDS-V0_1-STAGE061-P3"
    next_gate: "IDS-STAGE061-P4-GATE"
    next_allowed_task_id: "IDS-V0_1-STAGE061-P4"
    github_upload_allowed: false
  stage061_phase2_state:
    status: "stage061_phase2_completed"
    current_task_id: "IDS-V0_1-STAGE061-P2"
    next_gate: "IDS-STAGE061-P3-GATE"
    next_allowed_task_id: "IDS-V0_1-STAGE061-P3"
    github_upload_allowed: false
  stage061_phase1_state:
    status: "stage061_phase1_completed"
    current_task_id: "IDS-V0_1-STAGE061-P1"
    next_gate: "IDS-STAGE061-P2-GATE"
    next_allowed_task_id: "IDS-V0_1-STAGE061-P2"
    github_upload_allowed: false
  batch051_060_review_entry_state:
    status: "batch051_060_reviewed_local_global_upload_locked"
    current_task_id: "IDS-V0_1-BATCH-051-060-REVIEW-GATE"
    next_gate: "IDS-STAGE061-P1-GATE"
    next_allowed_task_id: "IDS-V0_1-STAGE061-P1"
    github_upload_allowed: false

batch_scope:
  version: "v0.1"
  stage_range: "STAGE-061..STAGE-070"
  acceptance_range: "ACC-STAGE-061..ACC-STAGE-070"
  source_index: "KM_IDSystem/docs/pursuing_goal/ids_v0_1/V0_1_STAGE_EXECUTION_INDEX.csv"
  previous_batch_evidence_ref: "KM_IDSystem/docs/pursuing_goal/ids_v0_1/BATCH051_060_UPLOAD_LOCK.yaml"

data_boundary:
  ids_metadata_raw_root: "/Users/linzezhang/Downloads/IDS_MetaData"
  boundary_record: "KM_IDSystem/docs/pursuing_goal/ids_v0_1/IDS_METADATA_RAW_DATA_BOUNDARY.md"
  raw_root_policy: "read-only path-only boundary; do not modify, delete, move, scan, dump, hash, list, open, or copy raw database content"
  real_data_only_policy: "All IDS runtime corpus, database-backed content, analytics inputs, reports, indexes, manifests, and committed examples must use real user-approved data; fake business data and fabricated evidence are forbidden."

upload_gate:
  push_allowed: false
  github_upload_allowed: false
  batch_upload_gate_deferred: true
  global_release_acceptance_required: "ACC-STAGE-168"
  blocked_until:
    - "The frozen taskpack is completed through STAGE-168 and final acceptance is passed."
    - "A separate global release review confirms all local evidence and rollback evidence."
    - "A separately authorized global upload gate is completed; no stage or batch gate enables upload."
    - "App entries remain unchanged until the final global release route is completed."
  github_target: "main"
  deferred_batch_review_gate: "IDS-V0_1-BATCH-061-070-REVIEW-GATE"
  deferred_batch_upload_gate: "IDS-V0_1-BATCH-061-070-UPLOAD-GATE"

stage_progress:
  STAGE-063:
    status: "stage063_completed_reviewed_local"
    completed_phases:
      - "Phase 1"
      - "Phase 2"
      - "Phase 3"
      - "Phase 4"
    next_phase: "Stage064 Phase 1"
    next_gate: "IDS-STAGE064-P1-GATE"
    current_task_id: "IDS-V0_1-STAGE063-REVIEW"
    acceptance_id: "ACC-STAGE-063"
    acceptance_status: "completed_reviewed_local"
    review_status: "completed_reviewed_local"
    phase2_entry_authorized: true
    phase3_entry_authorized: true
    phase4_entry_authorized: true
    stage063_review_entry_authorized: true
    stage064_phase1_entry_authorized: true
    taskpack_context_read_performed: true
    source_authority: "FROZEN_STAGE063_TASKPACK_AND_STAGE063_P1_TO_P4_CONTROL_ARTIFACTS_ONLY"
    second_authoritative_source_created: false
    source_body_or_path_allowed: false
    raw_metadata_content_accessed: false
    ids_business_source_read_performed: false
    source_file_open_performed: false
    parser_execution_performed: false
    chapter_detection_performed: false
    chunking_execution_performed: false
    chapter_aware_chunking_contract_schema: "ids.stage063.chapter_aware_chunking.phase1.v1"
    chapter_aware_chunking_slice_contract_schema: "ids.stage063.chapter_aware_chunking.phase2.v1"
    chapter_aware_chunking_scenarios_contract_schema: "ids.stage063.chapter_aware_chunking.phase3.controlled_scenarios_contract.v1"
    chapter_aware_chunking_delivery_contract_schema: "ids.stage063.chapter_aware_chunking.phase4.delivery.v1"
    chapter_aware_chunking_review_schema: "ids.stage063.chapter_aware_chunking.stage_review.v1"
    contract_state: "PHASE4_CHAPTER_AWARE_CHUNKING_DELIVERY_EVIDENCE_RUNTIME_DISABLED"
    slice_executable: true
    scenario_executable: true
    delivery_evidence_executable: true
    execution_ready: false
    reference_only_chunking_input_field_count: 8
    control_chunking_request_count: 3
    future_chapter_aware_chunk_output_field_count: 14
    control_chapter_aware_chunk_candidate_count: 3
    protected_semantic_asset_type_count: 3
    traceability_field_count: 6
    control_traceability_reference_count: 18
    controlled_scenario_count: 6
    explicit_disposition_count: 6
    silent_drop_count: 0
    human_handling_required_count: 6
    control_traceability_reference_check_count: 36
    control_traceability_reference_shape_preserved: true
    control_duplicate_write_prohibition_asserted: true
    chunk_jsonl_sample_count: 6
    control_coverage_complete: true
    low_quality_control_record_count: 6
    control_regression_consistent: true
    human_confirmation_prompt_count: 3
    actual_chunk_jsonl_written: false
    actual_document_coverage_calculated: false
    actual_chunk_coverage_calculated: false
    actual_low_quality_chunk_observed: false
    actual_quality_measurement_performed: false
    actual_chunk_regeneration_performed: false
    actual_chunk_version_rollback_performed: false
    actual_duplicate_chunk_detected: false
    actual_duplicate_chunk_identity_or_hash_validated: false
    actual_duplicate_embedding_prevented: false
    actual_duplicate_index_prevented: false
    declared_failure_state_count: 8
    actual_input_request_count: 0
    actual_chunk_count: 0
    actual_traceability_binding_count: 0
    source_document_remains_authoritative: true
    chunk_can_replace_source_document: false
    chunk_can_become_business_fact_authority: false
    model_direct_text_guessing_allowed: false
    model_decision_conclusion_authoritative: false
    control_chunking_request_reference_validation_performed: true
    control_chapter_aware_chunk_candidate_projection_performed: true
    all_protected_surfaces_atomic: true
    all_human_review_required: true
    chunk_hash_computation_performed: false
    semantic_asset_classification_performed: false
    coverage_calculation_performed: false
    quality_regression_performed: false
    quality_degradation_performed: false
    source_traceability_binding_performed: false
    embedding_or_index_write_performed: false
    database_connection_performed: false
    persistent_state_write_performed: false
    agent_execution_performed: false
    model_call_performed: false
    model_token_consumption_performed: false
    local_service_start_performed: false
    ovh_deployment_performed: false
    production_runtime_activation_performed: false
    stage063_started: true
    stage063_entry_authorized: true
    phase2_started: true
    phase3_started: true
    phase4_started: true
    whole_stage_review_performed: true
    review_finding_count: 0
    stage064_started: false
    stage064_entry_allowed: false
    batch_review_performed: false
    github_upload_allowed: false
    push_allowed: false
    app_reinstall_allowed: false
    evidence_refs:
      - "KM_IDSystem/docs/taskpacks/IDS_v0_1_Final_Chinese_Revised/stages/STAGE-063_章节感知切块.md"
      - "KM_IDSystem/docs/pursuing_goal/ids_v0_1/STAGE063_PHASE1_CHAPTER_AWARE_CHUNKING_SCOPE_BOUNDARY.md"
      - "KM_IDSystem/docs/pursuing_goal/ids_v0_1/chapter_aware_chunking/stage063_chapter_aware_chunking_contract.json"
      - "KM_IDSystem/docs/pursuing_goal/ids_v0_1/tests/test_stage063_chapter_aware_chunking_contract.py"
      - "KM_IDSystem/machine/runs/2026-08-14-stage063-p1-local.json"
      - "KM_IDSystem/docs/pursuing_goal/ids_v0_1/STAGE063_PHASE2_CHAPTER_AWARE_CHUNKING_CONTROL_SLICE.md"
      - "KM_IDSystem/docs/pursuing_goal/ids_v0_1/chapter_aware_chunking/stage063_chapter_aware_chunking_slice_contract.json"
      - "KM_IDSystem/docs/pursuing_goal/ids_v0_1/chapter_aware_chunking/stage063_chapter_aware_chunking_slice.py"
      - "KM_IDSystem/docs/pursuing_goal/ids_v0_1/tests/test_stage063_chapter_aware_chunking_slice.py"
      - "KM_IDSystem/machine/runs/2026-08-14-stage063-p2-local.json"
      - "KM_IDSystem/docs/pursuing_goal/ids_v0_1/STAGE063_PHASE3_CHAPTER_AWARE_CHUNKING_SCENARIOS.md"
      - "KM_IDSystem/docs/pursuing_goal/ids_v0_1/chapter_aware_chunking/stage063_chapter_aware_chunking_scenarios_contract.json"
      - "KM_IDSystem/docs/pursuing_goal/ids_v0_1/chapter_aware_chunking/stage063_chapter_aware_chunking_scenarios.py"
      - "KM_IDSystem/docs/pursuing_goal/ids_v0_1/tests/test_stage063_chapter_aware_chunking_scenarios.py"
      - "KM_IDSystem/machine/runs/2026-08-14-stage063-p3-local.json"
      - "KM_IDSystem/docs/pursuing_goal/ids_v0_1/STAGE063_PHASE4_CHAPTER_AWARE_CHUNKING_DELIVERY_CLOSEOUT.md"
      - "KM_IDSystem/docs/pursuing_goal/ids_v0_1/chapter_aware_chunking/stage063_chapter_aware_chunking_delivery_contract.json"
      - "KM_IDSystem/docs/pursuing_goal/ids_v0_1/chapter_aware_chunking/stage063_chapter_aware_chunking_delivery.py"
      - "KM_IDSystem/docs/pursuing_goal/ids_v0_1/tests/test_stage063_chapter_aware_chunking_delivery.py"
      - "KM_IDSystem/machine/runs/2026-08-14-stage063-p4-local.json"
      - "KM_IDSystem/docs/pursuing_goal/ids_v0_1/STAGE063_STAGE_REVIEW.md"
      - "KM_IDSystem/docs/pursuing_goal/ids_v0_1/chapter_aware_chunking/stage063_chapter_aware_chunking_stage_review.py"
      - "KM_IDSystem/docs/pursuing_goal/ids_v0_1/tests/test_stage063_chapter_aware_chunking_stage_review.py"
      - "KM_IDSystem/machine/runs/2026-08-14-stage063-review-local.json"
      - "KM_IDSystem/docs/pursuing_goal/ids_v0_1/STAGE062_STAGE_REVIEW.md"
      - "KM_IDSystem/machine/runs/2026-08-14-stage062-review-local.json"
      - "KM_IDSystem/docs/pursuing_goal/ids_v0_1/BATCH061_070_UPLOAD_LOCK.yaml"
      - "KM_IDSystem/docs/pursuing_goal/ids_v0_1/IDS_METADATA_RAW_DATA_BOUNDARY.md"
  STAGE-062:
    status: "stage062_completed_reviewed_local"
    completed_phases:
      - "Phase 1"
      - "Phase 2"
      - "Phase 3"
      - "Phase 4"
    next_phase: "Stage063 Phase 1"
    next_gate: "IDS-STAGE063-P1-GATE"
    current_task_id: "IDS-V0_1-STAGE062-REVIEW"
    acceptance_id: "ACC-STAGE-062"
    acceptance_status: "completed_reviewed_local"
    review_status: "completed_reviewed_local"
    phase2_entry_authorized: true
    phase3_entry_authorized: true
    phase4_entry_authorized: true
    review_entry_authorized: true
    stage063_phase1_entry_authorized: true
    taskpack_context_read_performed: true
    source_authority: "FROZEN_STAGE062_TASKPACK_AND_STAGE062_P1_TO_P4_CONTROL_ARTIFACTS"
    second_authoritative_source_created: false
    source_body_or_path_allowed: false
    actual_source_uri_allowed: false
    raw_metadata_content_accessed: false
    ids_business_source_read_performed: false
    source_file_open_performed: false
    xlsx_or_csv_parse_performed: false
    table_schema_inference_performed: false
    field_identification_performed: false
    structured_fact_extraction_performed: false
    typed_value_extraction_performed: false
    table_summary_generation_performed: false
    table_evidence_binding_contract_schema: "ids.stage062.table_evidence_binding.phase1.v1"
    table_evidence_binding_slice_contract_schema: "ids.stage062.table_evidence_binding.phase2.v1"
    table_evidence_binding_scenarios_contract_schema: "ids.stage062.table_evidence_binding.phase3.controlled_scenarios_contract.v1"
    table_evidence_binding_delivery_contract_schema: "ids.stage062.table_evidence_binding.phase4.delivery.v1"
    table_evidence_binding_review_schema: "ids.stage062.table_evidence_binding.stage_review.v1"
    contract_state: "PHASE4_TABLE_EVIDENCE_BINDING_DELIVERY_EVIDENCE_RUNTIME_DISABLED"
    slice_executable: true
    scenario_executable: true
    delivery_evidence_executable: true
    execution_ready: false
    reference_only_binding_input_field_count: 19
    control_binding_request_count: 2
    future_table_evidence_binding_output_field_count: 17
    control_table_evidence_binding_candidate_count: 2
    binding_dimension_count: 6
    control_binding_dimension_reference_count: 12
    field_semantic_category_count: 8
    declared_failure_state_count: 13
    actual_input_record_count: 0
    actual_structured_fact_count: 0
    actual_numeric_fact_count: 0
    actual_source_location_binding_count: 0
    actual_evidence_binding_count: 0
    actual_evidence_record_count: 0
    source_document_remains_authoritative: true
    model_direct_text_guessing_allowed: false
    unverified_numeric_value_as_definitive_fact_allowed: false
    summary_can_replace_structured_fact: false
    summary_can_become_numeric_statistical_evidence: false
    numeric_statistic_computation_performed: false
    control_binding_request_reference_validation_performed: true
    control_binding_candidate_projection_performed: true
    all_binding_states_unbound: true
    all_human_review_required: true
    all_numeric_authority_blocked: true
    scenario_count: 6
    explicit_disposition_count: 6
    silent_drop_count: 0
    human_handling_required_count: 6
    empty_table_human_handling_count: 1
    merged_cell_human_handling_count: 1
    unit_confusion_human_handling_count: 1
    date_variation_human_handling_count: 1
    outlier_numeric_block_count: 1
    duplicate_row_human_handling_count: 1
    metadata_only_table_evidence_binding_delivery_sample_count: 6
    field_reference_label_count: 6
    quality_test_result_delivery_count: 6
    unrecognized_structure_human_handling_count: 6
    human_confirmation_prompt_count: 3
    table_reparse_and_fact_rollback_instructions_created: true
    control_source_location_reference_check_count: 6
    control_source_location_traceability_preserved: true
    actual_source_file_traceability_validated: false
    actual_source_location_binding_created: false
    actual_table_evidence_binding_created: false
    actual_table_evidence_binding_persisted: false
    source_location_binding_performed: false
    evidence_binding_performed: false
    database_connection_performed: false
    database_schema_migration_performed: false
    structured_fact_write_performed: false
    quality_result_write_performed: false
    persistent_state_write_performed: false
    agent_execution_performed: false
    model_call_performed: false
    model_token_consumption_performed: false
    local_service_start_performed: false
    ovh_deployment_performed: false
    production_runtime_activation_performed: false
    stage062_started: true
    stage062_entry_authorized: true
    phase2_started: true
    phase3_started: true
    phase4_started: true
    whole_stage_review_performed: true
    review_finding_count: 0
    stage063_started: false
    stage063_entry_allowed: false
    batch_review_performed: false
    github_upload_allowed: false
    push_allowed: false
    app_reinstall_allowed: false
    evidence_refs:
      - "KM_IDSystem/docs/taskpacks/IDS_v0_1_Final_Chinese_Revised/stages/STAGE-062_表格证据绑定.md"
      - "KM_IDSystem/docs/pursuing_goal/ids_v0_1/STAGE062_PHASE1_TABLE_EVIDENCE_BINDING_SCOPE_BOUNDARY.md"
      - "KM_IDSystem/docs/pursuing_goal/ids_v0_1/structured_table_facts/stage062_table_evidence_binding_contract.json"
      - "KM_IDSystem/docs/pursuing_goal/ids_v0_1/tests/test_stage062_table_evidence_binding_contract.py"
      - "KM_IDSystem/machine/runs/2026-08-14-stage062-p1-local.json"
      - "KM_IDSystem/docs/pursuing_goal/ids_v0_1/STAGE062_PHASE2_TABLE_EVIDENCE_BINDING_CONTROL_SLICE.md"
      - "KM_IDSystem/docs/pursuing_goal/ids_v0_1/structured_table_facts/stage062_table_evidence_binding_slice_contract.json"
      - "KM_IDSystem/docs/pursuing_goal/ids_v0_1/structured_table_facts/stage062_table_evidence_binding_slice.py"
      - "KM_IDSystem/docs/pursuing_goal/ids_v0_1/tests/test_stage062_table_evidence_binding_slice.py"
      - "KM_IDSystem/machine/runs/2026-08-14-stage062-p2-local.json"
      - "KM_IDSystem/docs/pursuing_goal/ids_v0_1/STAGE062_PHASE3_TABLE_EVIDENCE_BINDING_SCENARIOS.md"
      - "KM_IDSystem/docs/pursuing_goal/ids_v0_1/structured_table_facts/stage062_table_evidence_binding_scenarios_contract.json"
      - "KM_IDSystem/docs/pursuing_goal/ids_v0_1/structured_table_facts/stage062_table_evidence_binding_scenarios.py"
      - "KM_IDSystem/docs/pursuing_goal/ids_v0_1/tests/test_stage062_table_evidence_binding_scenarios.py"
      - "KM_IDSystem/machine/runs/2026-08-14-stage062-p3-local.json"
      - "KM_IDSystem/docs/pursuing_goal/ids_v0_1/STAGE062_PHASE4_TABLE_EVIDENCE_BINDING_DELIVERY_CLOSEOUT.md"
      - "KM_IDSystem/docs/pursuing_goal/ids_v0_1/structured_table_facts/stage062_table_evidence_binding_delivery_contract.json"
      - "KM_IDSystem/docs/pursuing_goal/ids_v0_1/structured_table_facts/stage062_table_evidence_binding_delivery.py"
      - "KM_IDSystem/docs/pursuing_goal/ids_v0_1/tests/test_stage062_table_evidence_binding_delivery.py"
      - "KM_IDSystem/machine/runs/2026-08-14-stage062-p4-local.json"
      - "KM_IDSystem/docs/pursuing_goal/ids_v0_1/STAGE062_STAGE_REVIEW.md"
      - "KM_IDSystem/docs/pursuing_goal/ids_v0_1/structured_table_facts/stage062_table_evidence_binding_stage_review.py"
      - "KM_IDSystem/docs/pursuing_goal/ids_v0_1/tests/test_stage062_table_evidence_binding_stage_review.py"
      - "KM_IDSystem/machine/runs/2026-08-14-stage062-review-local.json"
      - "KM_IDSystem/docs/pursuing_goal/ids_v0_1/STAGE061_STAGE_REVIEW.md"
      - "KM_IDSystem/machine/runs/2026-08-14-stage061-review-local.json"
      - "KM_IDSystem/docs/pursuing_goal/ids_v0_1/BATCH061_070_UPLOAD_LOCK.yaml"
      - "KM_IDSystem/docs/pursuing_goal/ids_v0_1/IDS_METADATA_RAW_DATA_BOUNDARY.md"
  STAGE-061:
    status: "stage061_completed_reviewed_local"
    completed_phases:
      - "Phase 1"
      - "Phase 2"
      - "Phase 3"
      - "Phase 4"
    next_phase: "Stage062 Phase 1"
    next_gate: "IDS-STAGE062-P1-GATE"
    current_task_id: "IDS-V0_1-STAGE061-REVIEW"
    acceptance_id: "ACC-STAGE-061"
    acceptance_status: "completed_reviewed_local"
    review_status: "completed_reviewed_local"
    phase3_entry_authorized: true
    phase4_entry_authorized: true
    review_entry_authorized: true
    stage062_phase1_entry_authorized: true
    taskpack_context_read_performed: true
    source_authority: "FROZEN_TASKPACK_TEXT_AND_BATCH051_060_REVIEW_ARTIFACTS"
    second_authoritative_source_created: false
    source_body_or_path_allowed: false
    raw_metadata_content_accessed: false
    ids_business_source_read_performed: false
    source_file_open_performed: false
    xlsx_or_csv_parse_performed: false
    table_schema_inference_performed: false
    field_identification_performed: false
    structured_fact_extraction_performed: false
    typed_value_extraction_performed: false
    table_summary_generation_performed: false
    quality_contract_schema: "ids.stage061.structured_data_quality.phase4.delivery.v1"
    phase1_quality_contract_schema: "ids.stage061.structured_data_quality.phase1.v1"
    phase2_quality_contract_schema: "ids.stage061.structured_data_quality.phase2.v1"
    contract_state: "STAGE061_REVIEWED_LOCAL_STRUCTURED_DATA_QUALITY_RUNTIME_DISABLED"
    delivery_evidence_executable: true
    structured_data_quality_delivery_evidence_derived: true
    execution_ready: false
    reference_only_quality_input_field_count: 16
    future_quality_result_output_field_count: 18
    control_quality_input_record_count: 2
    control_quality_result_candidate_count: 10
    control_quality_candidates_per_dimension: 2
    quality_dimension_count: 5
    field_semantic_category_count: 8
    source_location_field_count: 6
    declared_failure_state_count: 11
    actual_input_record_count: 0
    actual_structured_fact_count: 0
    actual_numeric_fact_count: 0
    actual_quality_result_count: 0
    actual_source_location_binding_count: 0
    actual_evidence_record_count: 0
    source_document_remains_authoritative: true
    model_direct_text_guessing_allowed: false
    unverified_numeric_value_as_definitive_fact_allowed: false
    summary_can_replace_structured_fact: false
    summary_can_become_numeric_statistical_evidence: false
    numeric_statistic_computation_performed: false
    quality_gate_evaluation_performed: false
    control_quality_input_reference_validation_performed: true
    control_source_location_reference_validation_performed: true
    control_quality_result_candidate_projection_performed: true
    all_quality_states_unassessed: true
    all_human_review_required: true
    all_statistical_conclusions_blocked: true
    scenario_count: 6
    explicit_disposition_count: 6
    silent_drop_count: 0
    empty_table_human_handling_count: 1
    merged_cell_human_handling_count: 1
    unit_confusion_human_handling_count: 1
    date_variation_human_handling_count: 1
    outlier_numeric_block_count: 1
    duplicate_row_human_handling_count: 1
    control_source_location_reference_check_count: 6
    control_source_location_traceability_preserved: true
    metadata_only_quality_delivery_sample_count: 6
    field_reference_label_count: 6
    quality_test_result_delivery_count: 6
    unrecognized_structure_human_handling_count: 6
    human_confirmation_prompt_count: 3
    table_reparse_and_fact_rollback_instructions_created: true
    actual_source_file_traceability_validated: false
    actual_file_reparse_performed: false
    actual_fact_store_present: false
    actual_fact_rollback_performed: false
    actual_quality_result_rollback_performed: false
    merged_cell_resolution_performed: false
    unit_normalization_performed: false
    date_normalization_performed: false
    duplicate_row_evaluation_performed: false
    source_location_binding_performed: false
    evidence_binding_performed: false
    database_connection_performed: false
    database_schema_migration_performed: false
    structured_fact_write_performed: false
    quality_result_write_performed: false
    persistent_state_write_performed: false
    agent_execution_performed: false
    model_call_performed: false
    model_token_consumption_performed: false
    local_service_start_performed: false
    ovh_deployment_performed: false
    production_runtime_activation_performed: false
    phase2_started: true
    phase3_started: true
    phase4_started: true
    whole_stage_review_performed: true
    batch_review_performed: false
    stage062_started: false
    github_upload_allowed: false
    push_allowed: false
    app_reinstall_allowed: false
    evidence_refs:
      - "KM_IDSystem/docs/pursuing_goal/ids_v0_1/STAGE061_PHASE1_STRUCTURED_DATA_QUALITY_SCOPE_BOUNDARY.md"
      - "KM_IDSystem/docs/pursuing_goal/ids_v0_1/structured_table_facts/stage061_structured_data_quality_contract.json"
      - "KM_IDSystem/docs/pursuing_goal/ids_v0_1/tests/test_stage061_structured_data_quality_contract.py"
      - "KM_IDSystem/machine/runs/2026-08-14-stage061-p1-local.json"
      - "KM_IDSystem/docs/pursuing_goal/ids_v0_1/STAGE061_PHASE2_STRUCTURED_DATA_QUALITY_CONTROL_SLICE.md"
      - "KM_IDSystem/docs/pursuing_goal/ids_v0_1/structured_table_facts/stage061_structured_data_quality_slice_contract.json"
      - "KM_IDSystem/docs/pursuing_goal/ids_v0_1/structured_table_facts/stage061_structured_data_quality_slice.py"
      - "KM_IDSystem/docs/pursuing_goal/ids_v0_1/tests/test_stage061_structured_data_quality_slice.py"
      - "KM_IDSystem/machine/runs/2026-08-14-stage061-p2-local.json"
      - "KM_IDSystem/docs/pursuing_goal/ids_v0_1/STAGE061_PHASE3_STRUCTURED_DATA_QUALITY_SCENARIOS.md"
      - "KM_IDSystem/docs/pursuing_goal/ids_v0_1/structured_table_facts/stage061_structured_data_quality_scenarios_contract.json"
      - "KM_IDSystem/docs/pursuing_goal/ids_v0_1/structured_table_facts/stage061_structured_data_quality_scenarios.py"
      - "KM_IDSystem/docs/pursuing_goal/ids_v0_1/tests/test_stage061_structured_data_quality_scenarios.py"
      - "KM_IDSystem/machine/runs/2026-08-14-stage061-p3-local.json"
      - "KM_IDSystem/docs/pursuing_goal/ids_v0_1/STAGE061_PHASE4_STRUCTURED_DATA_QUALITY_DELIVERY_CLOSEOUT.md"
      - "KM_IDSystem/docs/pursuing_goal/ids_v0_1/structured_table_facts/stage061_structured_data_quality_delivery_contract.json"
      - "KM_IDSystem/docs/pursuing_goal/ids_v0_1/structured_table_facts/stage061_structured_data_quality_delivery.py"
      - "KM_IDSystem/docs/pursuing_goal/ids_v0_1/tests/test_stage061_structured_data_quality_delivery.py"
      - "KM_IDSystem/machine/runs/2026-08-14-stage061-p4-local.json"
      - "KM_IDSystem/docs/pursuing_goal/ids_v0_1/STAGE061_STAGE_REVIEW.md"
      - "KM_IDSystem/docs/pursuing_goal/ids_v0_1/structured_table_facts/stage061_structured_data_quality_stage_review.py"
      - "KM_IDSystem/docs/pursuing_goal/ids_v0_1/tests/test_stage061_structured_data_quality_stage_review.py"
      - "KM_IDSystem/machine/runs/2026-08-14-stage061-review-local.json"
      - "KM_IDSystem/docs/pursuing_goal/ids_v0_1/BATCH061_070_UPLOAD_LOCK.yaml"
      - "KM_IDSystem/docs/pursuing_goal/ids_v0_1/BATCH051_060_REVIEW_GATE.md"
      - "KM_IDSystem/docs/pursuing_goal/ids_v0_1/IDS_METADATA_RAW_DATA_BOUNDARY.md"

decision:
  current_task_id: "IDS-V0_1-STAGE063-REVIEW"
  next_allowed_task_id: "IDS-V0_1-STAGE064-P1"
  github_upload_allowed: false
  push_allowed: false
  global_upload_deferred: true
  current_run: "STAGE-063 Review only mechanically rechecks the frozen P1--P4 contracts and their in-memory control reports: 8/14 static fields, 3/3 control requests and candidates, six explicit human dispositions, six metadata-only JSONL samples, six low-quality human-review records, three Chinese confirmations and the P4-to-P3 control rollback chain. It does not open sources, run a parser, create chunks, implement identity or version, calculate real coverage, evaluate real quality, write persistent state, call a model, deploy OVH or activate any runtime."
  no_upload_reason: "The frozen taskpack requires completion through ACC-STAGE-168 and a separate global release acceptance before any upload path can be reconsidered."
