schema_version: "ids.v0_1.batch_upload_lock.v1"
batch_id: "IDS-V0_1-BATCH-021-030"
created_at_utc: "2026-07-02T22:43:25Z"
updated_at_utc: "2026-07-03T05:42:18Z"
status: "stage025_phase2_in_progress"

repository:
  owner_repo: "LinzeColin/CodexProject"
  worktree_path: "/Users/linzezhang/Documents/Codex/main_worktree/CodexProject/KM_IDS"
  target_project_path: "KM_IDSystem"
  local_branch: "codex/ids-v0-1-stages-001-010"
  upstream_policy: "do_not_push_until_batch_complete_reviewed_and_repaired"

scope:
  version: "v0.1"
  stage_range: "STAGE-021..STAGE-030"
  acceptance_range: "ACC-STAGE-021..ACC-STAGE-030"
  source_index: "KM_IDSystem/docs/pursuing_goal/ids_v0_1/V0_1_STAGE_EXECUTION_INDEX.csv"

data_boundary:
  ids_metadata_raw_root: "/Users/linzezhang/Downloads/IDS_MetaData"
  boundary_record: "KM_IDSystem/docs/pursuing_goal/ids_v0_1/IDS_METADATA_RAW_DATA_BOUNDARY.md"
  raw_root_policy: "read-only; do not modify, delete, move, scan, dump, hash, or copy raw database content"
  real_data_only_policy: "All IDS runtime corpus, database-backed content, analytics inputs, reports, indexes, manifests, and committed examples must use real user-approved data; fake business data and fabricated evidence are forbidden."
  local_existence_check: "IDS_METADATA_ROOT_EXISTS"

upload_gate:
  push_allowed: false
  required_before_push:
    - "STAGE-021 through STAGE-030 all completed."
    - "Each completed Stage has durable local evidence."
    - "Every tenth-stage review finding is fixed or explicitly deferred with a stop gate."
    - "check-render --project KM_IDSystem returns drift_count=0."
    - "Changed scope remains inside KM_IDSystem/ and allowed governance roots."
    - "No open blocker tied to raw data, secrets, local generated data, sparse-worktree expansion, or app-entry drift."
    - "IDS_MetaData raw database root remains recorded as a read-only real-data source boundary."
    - "After the STAGE-021..030 batch is reviewed and repaired, reinstall app entries and verify GitHub, app entry, and local development records are consistent."
  github_target: "main"
  gate_task_id: "IDS-V0_1-BATCH-021-030-UPLOAD-GATE"
  remote_strategy: "after the ten-stage batch gate only: push branch, create PR to main, merge PR, reinstall app entries, verify app/local/GitHub parity, verify no open PRs or issues"

stage_progress:
  STAGE-021:
    status: "completed_local"
    completed_phases:
      - "Phase 1"
      - "Phase 2"
      - "Phase 3"
      - "Phase 4"
    next_stage: "STAGE-022"
    next_gate: "IDS-STAGE022-P1-GATE"
    current_task_id: "IDS-V0_1-STAGE021-P4"
    acceptance_id: "ACC-STAGE-021"
    acceptance_status: "local_passed"
    evidence_refs:
      - "KM_IDSystem/docs/pursuing_goal/ids_v0_1/STAGE021_ENTRY_CONTRACT.md"
      - "KM_IDSystem/docs/pursuing_goal/ids_v0_1/STAGE021_PHASE1_SCOPE_BOUNDARY.md"
      - "KM_IDSystem/docs/pursuing_goal/ids_v0_1/STAGE021_PHASE2_PREFLIGHT_CONFIRMATION_UI_SLICE.md"
      - "KM_IDSystem/docs/pursuing_goal/ids_v0_1/STAGE021_PHASE3_SCENARIO_VALIDATION.md"
      - "KM_IDSystem/docs/pursuing_goal/ids_v0_1/STAGE021_PHASE4_CLOSEOUT.md"
      - "KM_IDSystem/scripts/check_preflight_confirmation_ui.py"
      - "KM_IDSystem/docs/pursuing_goal/ids_v0_1/tests/test_stage021_preflight_confirmation_ui.py"
      - "KM_IDSystem/docs/pursuing_goal/ids_v0_1/BATCH021_030_UPLOAD_LOCK.yaml"
      - "KM_IDSystem/docs/pursuing_goal/ids_v0_1/IDS_METADATA_RAW_DATA_BOUNDARY.md"
  STAGE-022:
    status: "completed_local"
    completed_phases:
      - "Phase 1"
      - "Phase 2"
      - "Phase 3"
      - "Phase 4"
    next_stage: "STAGE-023"
    next_gate: "IDS-STAGE023-P1-GATE"
    current_task_id: "IDS-V0_1-STAGE022-P4"
    acceptance_id: "ACC-STAGE-022"
    acceptance_status: "local_passed"
    evidence_refs:
      - "KM_IDSystem/docs/pursuing_goal/ids_v0_1/STAGE022_ENTRY_CONTRACT.md"
      - "KM_IDSystem/docs/pursuing_goal/ids_v0_1/STAGE022_PHASE1_SCOPE_BOUNDARY.md"
      - "KM_IDSystem/docs/pursuing_goal/ids_v0_1/STAGE022_PHASE2_DATA_PRIORITY_QUEUE_SLICE.md"
      - "KM_IDSystem/docs/pursuing_goal/ids_v0_1/STAGE022_PHASE3_SCENARIO_VALIDATION.md"
      - "KM_IDSystem/docs/pursuing_goal/ids_v0_1/STAGE022_PHASE4_CLOSEOUT.md"
      - "KM_IDSystem/scripts/check_data_priority_queue.py"
      - "KM_IDSystem/docs/pursuing_goal/ids_v0_1/tests/test_stage022_data_priority_queue.py"
      - "KM_IDSystem/docs/pursuing_goal/ids_v0_1/BATCH021_030_UPLOAD_LOCK.yaml"
      - "KM_IDSystem/docs/pursuing_goal/ids_v0_1/IDS_METADATA_RAW_DATA_BOUNDARY.md"
  STAGE-023:
    status: "completed_local"
    completed_phases:
      - "Phase 1"
      - "Phase 2"
      - "Phase 3"
      - "Phase 4"
    next_stage: "STAGE-024"
    next_gate: "IDS-STAGE024-P1-GATE"
    current_task_id: "IDS-V0_1-STAGE023-P4"
    acceptance_id: "ACC-STAGE-023"
    acceptance_status: "local_passed"
    evidence_refs:
      - "KM_IDSystem/docs/pursuing_goal/ids_v0_1/STAGE023_ENTRY_CONTRACT.md"
      - "KM_IDSystem/docs/pursuing_goal/ids_v0_1/STAGE023_PHASE1_SCOPE_BOUNDARY.md"
      - "KM_IDSystem/docs/pursuing_goal/ids_v0_1/STAGE023_PHASE2_PREFLIGHT_SCENARIO_TESTS_SLICE.md"
      - "KM_IDSystem/docs/pursuing_goal/ids_v0_1/STAGE023_PHASE3_SCENARIO_VALIDATION.md"
      - "KM_IDSystem/docs/pursuing_goal/ids_v0_1/STAGE023_PHASE4_CLOSEOUT.md"
      - "KM_IDSystem/scripts/check_preflight_scenario_tests.py"
      - "KM_IDSystem/docs/pursuing_goal/ids_v0_1/tests/test_stage023_preflight_scenario_tests.py"
      - "KM_IDSystem/docs/pursuing_goal/ids_v0_1/BATCH021_030_UPLOAD_LOCK.yaml"
      - "KM_IDSystem/docs/pursuing_goal/ids_v0_1/IDS_METADATA_RAW_DATA_BOUNDARY.md"
  STAGE-024:
    status: "completed_local"
    completed_phases:
      - "Phase 1"
      - "Phase 2"
      - "Phase 3"
      - "Phase 4"
    next_stage: "STAGE-025"
    next_gate: "IDS-STAGE025-P1-GATE"
    current_task_id: "IDS-V0_1-STAGE024-P4"
    acceptance_id: "ACC-STAGE-024"
    acceptance_status: "local_passed"
    evidence_refs:
      - "KM_IDSystem/docs/pursuing_goal/ids_v0_1/STAGE024_ENTRY_CONTRACT.md"
      - "KM_IDSystem/docs/pursuing_goal/ids_v0_1/STAGE024_PHASE1_SCOPE_BOUNDARY.md"
      - "KM_IDSystem/docs/pursuing_goal/ids_v0_1/STAGE024_PHASE2_SAFE_EXTRACTION_SLICE.md"
      - "KM_IDSystem/docs/pursuing_goal/ids_v0_1/STAGE024_PHASE3_SCENARIO_VALIDATION.md"
      - "KM_IDSystem/docs/pursuing_goal/ids_v0_1/STAGE024_PHASE4_CLOSEOUT.md"
      - "KM_IDSystem/scripts/check_archive_threat_model.py"
      - "KM_IDSystem/docs/pursuing_goal/ids_v0_1/tests/test_stage024_archive_threat_model.py"
      - "KM_IDSystem/docs/pursuing_goal/ids_v0_1/BATCH021_030_UPLOAD_LOCK.yaml"
      - "KM_IDSystem/docs/pursuing_goal/ids_v0_1/IDS_METADATA_RAW_DATA_BOUNDARY.md"
  STAGE-025:
    status: "in_progress"
    completed_phases:
      - "Phase 1"
      - "Phase 2"
    next_phase: "Phase 3"
    next_gate: "IDS-STAGE025-P3-GATE"
    current_task_id: "IDS-V0_1-STAGE025-P2"
    acceptance_id: "ACC-STAGE-025"
    acceptance_status: "phase2_safe_extraction_engine_slice_complete"
    evidence_refs:
      - "KM_IDSystem/docs/pursuing_goal/ids_v0_1/STAGE025_ENTRY_CONTRACT.md"
      - "KM_IDSystem/docs/pursuing_goal/ids_v0_1/STAGE025_PHASE1_SCOPE_BOUNDARY.md"
      - "KM_IDSystem/scripts/check_safe_extraction_engine.py"
      - "KM_IDSystem/docs/pursuing_goal/ids_v0_1/STAGE025_PHASE2_SAFE_EXTRACTION_ENGINE_SLICE.md"
      - "KM_IDSystem/docs/pursuing_goal/ids_v0_1/tests/test_stage025_safe_extraction_engine.py"
      - "KM_IDSystem/docs/pursuing_goal/ids_v0_1/BATCH021_030_UPLOAD_LOCK.yaml"
      - "KM_IDSystem/docs/pursuing_goal/ids_v0_1/IDS_METADATA_RAW_DATA_BOUNDARY.md"

decision:
  current_stage: "STAGE-025"
  current_phase: "Phase 2"
  current_task_id: "IDS-V0_1-STAGE025-P2"
  next_allowed_task_id: "IDS-V0_1-STAGE025-P3"
  github_upload_allowed: false
  no_upload_reason: "STAGE-021..030 batch is not complete, not reviewed, and not repaired."
  no_app_reinstall_reason: "App entry reinstall is deferred until the next ten-stage batch upload gate."
  no_raw_data_access: true
