schema_version: "ids.v0_1.batch_upload_lock.v1"
batch_id: "IDS-V0_1-BATCH-041-050"
created_at_utc: "2026-07-14T12:04:41Z"
updated_at_utc: "2026-07-17T13:47:43Z"
status: "stage041_phase4_completed_review_pending"

transition_history:
  stage041_phase4_state:
    status: "stage041_phase4_completed_review_pending"
    current_task_id: "IDS-V0_1-STAGE041-P4"
    next_gate: "IDS-STAGE041-REVIEW-GATE"
    next_allowed_task_id: "IDS-V0_1-STAGE041-REVIEW"
    github_upload_allowed: false
  stage041_phase3_state:
    status: "stage041_phase3_completed"
    current_task_id: "IDS-V0_1-STAGE041-P3"
    next_allowed_task_id: "IDS-V0_1-STAGE041-P4"
    github_upload_allowed: false
  stage041_phase2_state:
    status: "stage041_phase2_completed"
    current_task_id: "IDS-V0_1-STAGE041-P2"
    next_allowed_task_id: "IDS-V0_1-STAGE041-P3"
    github_upload_allowed: false
  stage041_phase1_state:
    status: "stage041_phase1_completed"
    current_task_id: "IDS-V0_1-STAGE041-P1"
    next_allowed_task_id: "IDS-V0_1-STAGE041-P2"
    github_upload_allowed: false
  previous_batch_main_state:
    status: "uploaded_to_github_main"
    evidence_ref: "KM_IDSystem/docs/pursuing_goal/ids_v0_1/BATCH031_040_UPLOAD_LOCK.yaml"
    current_task_id: "IDS-V0_1-BATCH-031-040-MAIN-MERGED"
    next_allowed_task_id: "IDS-STAGE041-P1-GATE"

repository:
  owner_repo: "LinzeColin/KMOS"
  worktree_path: "/Users/linzezhang/Documents/Codex/GithubProject/_scratch/kmos-kmids-stage041"
  target_project_path: "KM_IDSystem"
  local_branch: "codex/kmids-recovery-stage041-p1"
  upstream_policy: "do_not_push_until_batch_complete_reviewed_and_repaired"

scope:
  version: "v0.1"
  stage_range: "STAGE-041..STAGE-050"
  acceptance_range: "ACC-STAGE-041..ACC-STAGE-050"
  source_index: "KM_IDSystem/docs/pursuing_goal/ids_v0_1/V0_1_STAGE_EXECUTION_INDEX.csv"
  previous_batch_evidence_ref: "KM_IDSystem/docs/pursuing_goal/ids_v0_1/BATCH031_040_UPLOAD_LOCK.yaml"

data_boundary:
  ids_metadata_raw_root: "/Users/linzezhang/Downloads/IDS_MetaData"
  boundary_record: "KM_IDSystem/docs/pursuing_goal/ids_v0_1/IDS_METADATA_RAW_DATA_BOUNDARY.md"
  raw_root_policy: "read-only path-only boundary; do not modify, delete, move, scan, dump, hash, list, open, or copy raw database content"
  real_data_only_policy: "All IDS runtime corpus, database-backed content, analytics inputs, reports, indexes, manifests, and committed examples must use real user-approved data; fake business data and fabricated evidence are forbidden."

upload_gate:
  push_allowed: false
  blocked_until:
    - "STAGE-041 through STAGE-050 all completed."
    - "Every completed Stage has durable local evidence and a whole-stage review."
    - "The independent ten-stage review completes and repairs all findings."
    - "A separate batch upload gate runs; no single-stage GitHub upload gate."
    - "App entries are reinstalled only after the whole batch is merged to GitHub main."
  github_target: "main"
  next_batch_review_gate: "IDS-V0_1-BATCH-041-050-REVIEW-GATE"
  next_batch_upload_gate: "IDS-V0_1-BATCH-041-050-UPLOAD-GATE"

stage_progress:
  STAGE-041:
    status: "stage041_phase4_completed_review_pending"
    completed_phases:
      - "Phase 1"
      - "Phase 2"
      - "Phase 3"
      - "Phase 4"
    next_phase: "stage_review"
    next_gate: "IDS-STAGE041-REVIEW-GATE"
    current_task_id: "IDS-V0_1-STAGE041-P4"
    acceptance_id: "ACC-STAGE-041"
    acceptance_status: "phase4_delivery_complete_review_pending"
    review_status: "pending"
    phase3_entry_authorized: true
    phase4_entry_authorized: true
    source_verification_status: "SOURCE_VERIFIED"
    source_member_match_count: 1
    source_member_sha256: "2258a7b57c6c2881f208f43fbe2862c7815a2794c908d6fef108a1a4b5a2ad36"
    lock_registry_contract_id: "ids.lock_registry.v0_1.p1"
    lock_registry_policy_contract_id: "ids.lock_registry_policy.v0_1.stage041.p2"
    phase3_scenario_contract_id: "ids.lock_registry_policy.v0_1.stage041.p3.scenarios"
    delivery_contract_schema: "ids.stage041.lock_registry.phase4.delivery.v1"
    delivery_contract_valid: true
    delivery_result: "PASS_ISOLATED_CLOSEOUT_PRODUCTION_DISABLED"
    stage_review_status: "pending_next_run"
    contract_state: "PHASE4_CLOSEOUT_EVIDENCE_REVIEW_PENDING"
    parameter_fact_level: "PROPOSED"
    production_calibrated: false
    production_calibration_task_id: "TASK-OPME-B-001"
    numeric_policy_values_assigned: true
    isolated_lock_decision_runtime_performed: true
    acquire_evaluation_performed: true
    renew_evaluation_performed: true
    release_evaluation_performed: true
    takeover_evaluation_performed: true
    fencing_evaluation_performed: true
    isolated_lock_scenarios_performed: true
    scenario_count: 11
    passed_scenario_count: 11
    operation_exclusion_matrix_performed: true
    actual_isolated_worker_exception_performed: true
    stage040_pressure_scenarios_replayed: true
    actual_project_disk_observation_performed: true
    protected_refs_verified: true
    reviewed_stage040_delivery_replayed: true
    required_job_type_count: 8
    required_job_state_count: 11
    required_terminal_state_count: 4
    required_transition_count: 21
    required_pressure_signal_count: 7
    failure_retry_log_attempt_count: 3
    failure_retry_log_retry_count: 2
    lock_operation_family_count: 5
    primary_acquisition_count: 5
    exact_replay_count: 5
    resource_conflict_count: 25
    automatic_recovery_eligible_case_count: 0
    successful_automatic_recovery_case_count: 0
    actual_isolated_orderly_release_performed: true
    active_lock_count_after_release: 0
    tombstone_version_count: 2
    process_termination_performed: false
    physical_drive_removal_performed: false
    disk_allocation_performed: false
    external_api_call_performed: false
    production_lock_runtime_performed: false
    database_connection_performed: false
    persistent_lock_write_performed: false
    state_registry_write_performed: false
    queue_runtime_performed: false
    worker_runtime_performed: false
    retry_scheduler_performed: false
    automatic_resume_performed: false
    crash_recovery_runtime_performed: false
    cleanup_runtime_performed: false
    runtime_output_written: false
    real_ids_business_job_created: false
    raw_metadata_content_accessed: false
    fake_ids_business_data_used: false
    whole_stage_review_performed: false
    batch_review_performed: false
    stage042_entry_allowed: false
    evidence_refs:
      - "KM_IDSystem/docs/pursuing_goal/ids_v0_1/STAGE041_ENTRY_CONTRACT.md"
      - "KM_IDSystem/docs/pursuing_goal/ids_v0_1/STAGE041_PHASE1_LOCK_REGISTRY_SCOPE_BOUNDARY.md"
      - "KM_IDSystem/docs/pursuing_goal/ids_v0_1/lock_registry/stage041_lock_registry_contract.json"
      - "KM_IDSystem/scripts/check_lock_registry.py"
      - "KM_IDSystem/docs/pursuing_goal/ids_v0_1/tests/test_stage041_lock_registry.py"
      - "KM_IDSystem/docs/pursuing_goal/ids_v0_1/STAGE041_PHASE2_LOCK_REGISTRY_SLICE.md"
      - "KM_IDSystem/docs/pursuing_goal/ids_v0_1/lock_registry/stage041_lock_registry_runtime_contract.json"
      - "KM_IDSystem/scripts/check_lock_registry_runtime.py"
      - "KM_IDSystem/docs/pursuing_goal/ids_v0_1/tests/test_stage041_lock_registry_runtime.py"
      - "KM_IDSystem/docs/pursuing_goal/ids_v0_1/STAGE041_PHASE3_SCENARIO_VALIDATION.md"
      - "KM_IDSystem/docs/pursuing_goal/ids_v0_1/lock_registry/stage041_lock_registry_scenarios.json"
      - "KM_IDSystem/scripts/check_lock_registry_scenarios.py"
      - "KM_IDSystem/docs/pursuing_goal/ids_v0_1/tests/test_stage041_lock_registry_scenarios.py"
      - "KM_IDSystem/docs/pursuing_goal/ids_v0_1/STAGE041_PHASE4_CLOSEOUT.md"
      - "KM_IDSystem/docs/pursuing_goal/ids_v0_1/lock_registry/stage041_lock_registry_delivery_contract.json"
      - "KM_IDSystem/scripts/check_lock_registry_delivery.py"
      - "KM_IDSystem/docs/pursuing_goal/ids_v0_1/tests/test_stage041_lock_registry_delivery.py"
      - "KM_IDSystem/docs/pursuing_goal/ids_v0_1/BATCH041_050_UPLOAD_LOCK.yaml"
      - "KM_IDSystem/docs/pursuing_goal/ids_v0_1/IDS_METADATA_RAW_DATA_BOUNDARY.md"

decision:
  current_task_id: "IDS-V0_1-STAGE041-P4"
  next_allowed_task_id: "IDS-V0_1-STAGE041-REVIEW"
  github_upload_allowed: false
  current_run: "STAGE-041 Phase 4 binds the reviewed state/retry/backpressure evidence and Phase 3 lock lifecycle into a fail-closed closeout report, then proves one isolated orderly release; no whole-stage review, Stage 42 entry, persistence, business job, raw metadata access, GitHub upload, or app reinstall is performed."
  no_upload_reason: "BATCH041_050 has only STAGE-041 Phase 1-4 local evidence and Stage041 whole-stage review is still pending; upload is blocked until STAGE-041..050 are completed, reviewed, repaired, and a separate batch upload gate runs."
