schema_version: "ids.v0_1.batch_upload_lock.v1"
batch_id: "IDS-V0_1-BATCH-031-040"
created_at_utc: "2026-07-03T08:32:56Z"
updated_at_utc: "2026-07-12T22:36:20Z"
status: "stage038_phase3_completed"

transition_history:
  stage038_source_reverified_state:
    status: "stage038_phase1_source_reverified"
    current_task_id: "IDS-V0_1-STAGE038-P1-SOURCE-REVERIFY"
    next_allowed_task_id: "IDS-V0_1-STAGE038-P2"
  stage038_source_limited_state:
    status: "stage038_phase1_in_progress"
    current_task_id: "IDS-V0_1-STAGE038-P1"
    next_allowed_task_id: "IDS-V0_1-STAGE038-P1-SOURCE-REVERIFY"
  previous_state:
    status: "stage037_completed_reviewed_local"
    current_task_id: "IDS-V0_1-STAGE037-REVIEW"
    next_allowed_task_id: "IDS-V0_1-STAGE038-P1"

repository:
  owner_repo: "LinzeColin/CodexProject"
  worktree_path: "/Users/linzezhang/Documents/Codex/main_worktree/CodexProject/KM_IDS"
  target_project_path: "KM_IDSystem"
  local_branch: "codex/ids-v0-1-stages-001-010"
  upstream_policy: "do_not_push_until_batch_complete_reviewed_and_repaired"

scope:
  version: "v0.1"
  stage_range: "STAGE-031..STAGE-040"
  acceptance_range: "ACC-STAGE-031..ACC-STAGE-040"
  source_index: "KM_IDSystem/docs/pursuing_goal/ids_v0_1/V0_1_STAGE_EXECUTION_INDEX.csv"
  previous_batch_evidence_ref: "KM_IDSystem/docs/pursuing_goal/ids_v0_1/BATCH021_030_UPLOAD_LOCK.yaml"

data_boundary:
  ids_metadata_raw_root: "/Users/linzezhang/Downloads/IDS_MetaData"
  boundary_record: "KM_IDSystem/docs/pursuing_goal/ids_v0_1/IDS_METADATA_RAW_DATA_BOUNDARY.md"
  raw_root_policy: "read-only; do not modify, delete, move, scan, dump, hash, or copy raw database content"
  real_data_only_policy: "All IDS runtime corpus, database-backed content, analytics inputs, reports, indexes, manifests, and committed examples must use real user-approved data; fake business data and fabricated evidence are forbidden."
  local_existence_check: "IDS_METADATA_ROOT_EXISTS"

upload_gate:
  push_allowed: false
  blocked_until:
    - "STAGE-031 through STAGE-040 all completed."
    - "Every completed Stage has durable local evidence."
    - "Tenth-stage review gate completes and repairs findings."
    - "Separate batch upload gate runs after review; no single-stage GitHub upload gate."
    - "App entries are reinstalled only after the whole ten-stage batch is uploaded to GitHub main."
  github_target: "main"
  next_batch_review_gate: "IDS-V0_1-BATCH-031-040-REVIEW-GATE"
  next_batch_upload_gate: "IDS-V0_1-BATCH-031-040-UPLOAD-GATE"

stage_progress:
  STAGE-031:
    status: "completed_reviewed_local"
    completed_phases:
      - "Phase 1"
      - "Phase 2"
      - "Phase 3"
      - "Phase 4"
    review_status: "passed"
    next_stage: "STAGE-032"
    next_gate: "IDS-STAGE032-P1-GATE"
    current_task_id: "IDS-V0_1-STAGE031-REVIEW"
    acceptance_id: "ACC-STAGE-031"
    acceptance_status: "reviewed_local_passed"
    evidence_refs:
      - "KM_IDSystem/docs/pursuing_goal/ids_v0_1/STAGE031_ENTRY_CONTRACT.md"
      - "KM_IDSystem/docs/pursuing_goal/ids_v0_1/STAGE031_PHASE1_SCOPE_BOUNDARY.md"
      - "KM_IDSystem/docs/pursuing_goal/ids_v0_1/STAGE031_PHASE2_SCHEMA_MIGRATION_SAFETY_SLICE.md"
      - "KM_IDSystem/docs/pursuing_goal/ids_v0_1/STAGE031_PHASE3_SCENARIO_VALIDATION.md"
      - "KM_IDSystem/docs/pursuing_goal/ids_v0_1/STAGE031_PHASE4_CLOSEOUT.md"
      - "KM_IDSystem/docs/pursuing_goal/ids_v0_1/STAGE031_STAGE_REVIEW.md"
      - "KM_IDSystem/docs/pursuing_goal/ids_v0_1/schema_migration_safety/stage031_migration_safety_index.json"
      - "KM_IDSystem/scripts/check_schema_migration_safety.py"
      - "KM_IDSystem/docs/pursuing_goal/ids_v0_1/tests/test_stage031_schema_migration_safety.py"
      - "KM_IDSystem/docs/pursuing_goal/ids_v0_1/BATCH031_040_UPLOAD_LOCK.yaml"
      - "KM_IDSystem/docs/pursuing_goal/ids_v0_1/IDS_METADATA_RAW_DATA_BOUNDARY.md"
  STAGE-032:
    status: "completed_reviewed_local"
    completed_phases:
      - "Phase 1"
      - "Phase 2"
      - "Phase 3"
      - "Phase 4"
    review_status: "passed"
    next_stage: "STAGE-033"
    next_gate: "IDS-STAGE033-P1-GATE"
    current_task_id: "IDS-V0_1-STAGE032-REVIEW"
    acceptance_id: "ACC-STAGE-032"
    acceptance_status: "reviewed_local_passed"
    evidence_refs:
      - "KM_IDSystem/docs/pursuing_goal/ids_v0_1/STAGE032_ENTRY_CONTRACT.md"
      - "KM_IDSystem/docs/pursuing_goal/ids_v0_1/STAGE032_PHASE1_SCOPE_BOUNDARY.md"
      - "KM_IDSystem/docs/pursuing_goal/ids_v0_1/STAGE032_PHASE2_CONNECTION_POOL_SLICE.md"
      - "KM_IDSystem/docs/pursuing_goal/ids_v0_1/STAGE032_PHASE3_SCENARIO_VALIDATION.md"
      - "KM_IDSystem/docs/pursuing_goal/ids_v0_1/STAGE032_PHASE4_CLOSEOUT.md"
      - "KM_IDSystem/docs/pursuing_goal/ids_v0_1/STAGE032_STAGE_REVIEW.md"
      - "KM_IDSystem/docs/pursuing_goal/ids_v0_1/database_connection_pool/stage032_connection_pool_index.json"
      - "KM_IDSystem/scripts/check_database_connection_pool.py"
      - "KM_IDSystem/docs/pursuing_goal/ids_v0_1/tests/test_stage032_database_connection_pool.py"
      - "KM_IDSystem/docs/pursuing_goal/ids_v0_1/BATCH031_040_UPLOAD_LOCK.yaml"
      - "KM_IDSystem/docs/pursuing_goal/ids_v0_1/IDS_METADATA_RAW_DATA_BOUNDARY.md"
  STAGE-033:
    status: "completed_reviewed_local"
    completed_phases:
      - "Phase 1"
      - "Phase 2"
      - "Phase 3"
      - "Phase 4"
    review_status: "passed"
    next_stage: "STAGE-034"
    next_gate: "IDS-STAGE034-P1-GATE"
    current_task_id: "IDS-V0_1-STAGE033-REVIEW"
    acceptance_id: "ACC-STAGE-033"
    acceptance_status: "reviewed_local_passed"
    evidence_refs:
      - "KM_IDSystem/docs/pursuing_goal/ids_v0_1/STAGE033_ENTRY_CONTRACT.md"
      - "KM_IDSystem/docs/pursuing_goal/ids_v0_1/STAGE033_PHASE1_SCOPE_BOUNDARY.md"
      - "KM_IDSystem/docs/pursuing_goal/ids_v0_1/STAGE033_PHASE2_DATABASE_SIZE_GUARD_SLICE.md"
      - "KM_IDSystem/docs/pursuing_goal/ids_v0_1/STAGE033_PHASE3_SCENARIO_VALIDATION.md"
      - "KM_IDSystem/docs/pursuing_goal/ids_v0_1/STAGE033_PHASE4_CLOSEOUT.md"
      - "KM_IDSystem/docs/pursuing_goal/ids_v0_1/STAGE033_STAGE_REVIEW.md"
      - "KM_IDSystem/docs/pursuing_goal/ids_v0_1/database_size_guard/stage033_database_size_guard_index.json"
      - "KM_IDSystem/scripts/check_database_size_guard.py"
      - "KM_IDSystem/docs/pursuing_goal/ids_v0_1/tests/test_stage033_database_size_guard.py"
      - "KM_IDSystem/docs/pursuing_goal/ids_v0_1/BATCH031_040_UPLOAD_LOCK.yaml"
      - "KM_IDSystem/docs/pursuing_goal/ids_v0_1/IDS_METADATA_RAW_DATA_BOUNDARY.md"
  STAGE-034:
    status: "completed_reviewed_local"
    completed_phases:
      - "Phase 1"
      - "Phase 2"
      - "Phase 3"
      - "Phase 4"
    review_status: "passed"
    next_stage: "STAGE-035"
    next_gate: "IDS-STAGE035-P1-GATE"
    current_task_id: "IDS-V0_1-STAGE034-REVIEW"
    acceptance_id: "ACC-STAGE-034"
    acceptance_status: "reviewed_local_passed"
    evidence_refs:
      - "KM_IDSystem/docs/pursuing_goal/ids_v0_1/STAGE034_ENTRY_CONTRACT.md"
      - "KM_IDSystem/docs/pursuing_goal/ids_v0_1/STAGE034_PHASE1_SCOPE_BOUNDARY.md"
      - "KM_IDSystem/docs/pursuing_goal/ids_v0_1/STAGE034_PHASE2_DATA_RETENTION_TABLE_SLICE.md"
      - "KM_IDSystem/docs/pursuing_goal/ids_v0_1/STAGE034_PHASE3_SCENARIO_VALIDATION.md"
      - "KM_IDSystem/docs/pursuing_goal/ids_v0_1/STAGE034_PHASE4_CLOSEOUT.md"
      - "KM_IDSystem/docs/pursuing_goal/ids_v0_1/STAGE034_STAGE_REVIEW.md"
      - "KM_IDSystem/docs/pursuing_goal/ids_v0_1/data_retention_table/stage034_data_retention_table_index.json"
      - "KM_IDSystem/scripts/check_data_retention_table.py"
      - "KM_IDSystem/docs/pursuing_goal/ids_v0_1/tests/test_stage034_data_retention_table.py"
      - "KM_IDSystem/docs/pursuing_goal/ids_v0_1/BATCH031_040_UPLOAD_LOCK.yaml"
      - "KM_IDSystem/docs/pursuing_goal/ids_v0_1/IDS_METADATA_RAW_DATA_BOUNDARY.md"
  STAGE-035:
    status: "completed_reviewed_local"
    completed_phases:
      - "Phase 1"
      - "Phase 2"
      - "Phase 3"
      - "Phase 4"
    review_status: "passed"
    next_stage: "STAGE-036"
    next_gate: "IDS-STAGE036-P1-GATE"
    current_task_id: "IDS-V0_1-STAGE035-REVIEW"
    acceptance_id: "ACC-STAGE-035"
    acceptance_status: "reviewed_local_passed"
    evidence_refs:
      - "KM_IDSystem/docs/pursuing_goal/ids_v0_1/STAGE035_ENTRY_CONTRACT.md"
      - "KM_IDSystem/docs/pursuing_goal/ids_v0_1/STAGE035_PHASE1_SCOPE_BOUNDARY.md"
      - "KM_IDSystem/docs/pursuing_goal/ids_v0_1/STAGE035_PHASE2_DATABASE_RECOVERY_SMOKE_SLICE.md"
      - "KM_IDSystem/docs/pursuing_goal/ids_v0_1/STAGE035_PHASE3_SCENARIO_VALIDATION.md"
      - "KM_IDSystem/docs/pursuing_goal/ids_v0_1/STAGE035_PHASE4_CLOSEOUT.md"
      - "KM_IDSystem/docs/pursuing_goal/ids_v0_1/STAGE035_STAGE_REVIEW.md"
      - "KM_IDSystem/docs/pursuing_goal/ids_v0_1/database_recovery_smoke/stage035_database_recovery_smoke_index.json"
      - "KM_IDSystem/scripts/check_database_recovery_smoke.py"
      - "KM_IDSystem/docs/pursuing_goal/ids_v0_1/tests/test_stage035_database_recovery_smoke.py"
      - "KM_IDSystem/docs/pursuing_goal/ids_v0_1/BATCH031_040_UPLOAD_LOCK.yaml"
      - "KM_IDSystem/docs/pursuing_goal/ids_v0_1/IDS_METADATA_RAW_DATA_BOUNDARY.md"
  STAGE-036:
    status: "completed_reviewed_local"
    completed_phases:
      - "Phase 1"
      - "Phase 2"
      - "Phase 3"
      - "Phase 4"
    review_status: "passed"
    next_stage: "STAGE-037"
    next_gate: "IDS-STAGE037-P1-GATE"
    current_task_id: "IDS-V0_1-STAGE036-REVIEW"
    acceptance_id: "ACC-STAGE-036"
    acceptance_status: "reviewed_local_passed"
    evidence_refs:
      - "KM_IDSystem/docs/pursuing_goal/ids_v0_1/STAGE036_ENTRY_CONTRACT.md"
      - "KM_IDSystem/docs/pursuing_goal/ids_v0_1/STAGE036_PHASE1_SCOPE_BOUNDARY.md"
      - "KM_IDSystem/docs/pursuing_goal/ids_v0_1/STAGE036_PHASE2_DATABASE_QUALITY_CONSTRAINTS_SLICE.md"
      - "KM_IDSystem/docs/pursuing_goal/ids_v0_1/STAGE036_PHASE3_SCENARIO_VALIDATION.md"
      - "KM_IDSystem/docs/pursuing_goal/ids_v0_1/STAGE036_PHASE4_CLOSEOUT.md"
      - "KM_IDSystem/docs/pursuing_goal/ids_v0_1/STAGE036_STAGE_REVIEW.md"
      - "KM_IDSystem/docs/pursuing_goal/ids_v0_1/database_quality_constraints/stage036_database_quality_constraints_index.json"
      - "KM_IDSystem/docs/pursuing_goal/ids_v0_1/database_quality_constraints/002_database_quality_constraints.sql"
      - "KM_IDSystem/docs/pursuing_goal/ids_v0_1/database_quality_constraints/stage036_quality_profile_queries.json"
      - "KM_IDSystem/scripts/run_stage036_migration_section.py"
      - "KM_IDSystem/scripts/check_database_quality_constraints.py"
      - "KM_IDSystem/docs/pursuing_goal/ids_v0_1/tests/test_stage036_database_quality_constraints.py"
      - "KM_IDSystem/docs/pursuing_goal/ids_v0_1/BATCH031_040_UPLOAD_LOCK.yaml"
      - "KM_IDSystem/docs/pursuing_goal/ids_v0_1/IDS_METADATA_RAW_DATA_BOUNDARY.md"
  STAGE-037:
    status: "completed_reviewed_local"
    completed_phases:
      - "Phase 1"
      - "Phase 2"
      - "Phase 3"
      - "Phase 4"
    review_status: "passed"
    next_stage: "STAGE-038"
    next_gate: "IDS-STAGE038-P1-GATE"
    current_task_id: "IDS-V0_1-STAGE037-REVIEW"
    acceptance_id: "ACC-STAGE-037"
    acceptance_status: "reviewed_local_passed"
    evidence_refs:
      - "KM_IDSystem/docs/pursuing_goal/ids_v0_1/STAGE037_ENTRY_CONTRACT.md"
      - "KM_IDSystem/docs/pursuing_goal/ids_v0_1/STAGE037_PHASE1_SCOPE_BOUNDARY.md"
      - "KM_IDSystem/docs/pursuing_goal/ids_v0_1/STAGE037_PHASE2_JOB_STATE_MODEL_SLICE.md"
      - "KM_IDSystem/docs/pursuing_goal/ids_v0_1/STAGE037_PHASE3_ADVERSARIAL_SCENARIOS.md"
      - "KM_IDSystem/docs/pursuing_goal/ids_v0_1/STAGE037_PHASE4_CLOSEOUT.md"
      - "KM_IDSystem/docs/pursuing_goal/ids_v0_1/STAGE037_STAGE_REVIEW.md"
      - "KM_IDSystem/docs/pursuing_goal/ids_v0_1/job_state_model/stage037_job_state_model_index.json"
      - "KM_IDSystem/scripts/check_job_state_model.py"
      - "KM_IDSystem/docs/pursuing_goal/ids_v0_1/tests/test_stage037_job_state_model.py"
      - "KM_IDSystem/docs/pursuing_goal/ids_v0_1/BATCH031_040_UPLOAD_LOCK.yaml"
      - "KM_IDSystem/docs/pursuing_goal/ids_v0_1/IDS_METADATA_RAW_DATA_BOUNDARY.md"
  STAGE-038:
    status: "stage038_phase3_completed"
    completed_phases:
      - "Phase 1"
      - "Phase 2"
      - "Phase 3"
    review_status: "not_started"
    next_phase: "Phase 4"
    next_gate: "IDS-STAGE038-P4-GATE"
    current_task_id: "IDS-V0_1-STAGE038-P3"
    acceptance_id: "ACC-STAGE-038"
    acceptance_status: "phase3_isolated_scenarios_passed"
    source_verification_status: "SOURCE_VERIFIED"
    source_reverification_gate_status: "passed"
    phase2_entry_authorized: true
    source_archive_path: "/Users/linzezhang/Downloads/IDS_Taskpack_v0_1_only_中文修订版.zip"
    source_archive_sha256: "55b782e338610aab6361b7945bb5e290ba60038a06cc765c7c2da801734db6d3"
    source_member: "IDS_v0_1_Final_Chinese_Revised/stages/STAGE-038_Worker队列基线.md"
    source_member_match_count: 1
    source_member_integrity: "OK"
    source_member_sha256: "613acde3cc8f9b8fdc267eb1b0f3076fbce6e858a0d00c3840a2bd730faa7634"
    roadmap_sha256: "a193fd2c44c51d634bf7887a1a6baf7e5199d9a8535e4211e35e97588e2e21a6"
    instructions_sha256: "ce456e06136d5ecc56cd7c9dc926abb5894817dda87bf7667588bf85211794f8"
    reconciliation_status: "passed"
    source_reverification_required_before_phase2: false
    independent_review_status: "passed"
    evidence_refs:
      - "KM_IDSystem/docs/pursuing_goal/ids_v0_1/STAGE038_ENTRY_CONTRACT.md"
      - "KM_IDSystem/docs/pursuing_goal/ids_v0_1/STAGE038_PHASE1_WORKER_QUEUE_SCOPE_BOUNDARY.md"
      - "KM_IDSystem/docs/pursuing_goal/ids_v0_1/STAGE038_PHASE1_SOURCE_REVERIFICATION.md"
      - "KM_IDSystem/docs/pursuing_goal/ids_v0_1/STAGE038_PHASE1_SOURCE_REVERIFICATION_REVIEW.md"
      - "KM_IDSystem/docs/pursuing_goal/ids_v0_1/STAGE038_PHASE2_ASYNC_WORKER_QUEUE_SLICE.md"
      - "KM_IDSystem/docs/pursuing_goal/ids_v0_1/STAGE038_PHASE3_WORKER_QUEUE_SCENARIOS.md"
      - "KM_IDSystem/docs/pursuing_goal/ids_v0_1/worker_queue_baseline/stage038_worker_queue_baseline_index.json"
      - "KM_IDSystem/docs/pursuing_goal/ids_v0_1/worker_queue_baseline/stage038_worker_queue_scenarios.json"
      - "KM_IDSystem/scripts/check_worker_queue_baseline.py"
      - "KM_IDSystem/scripts/check_worker_queue_scenarios.py"
      - "KM_IDSystem/docs/pursuing_goal/ids_v0_1/BATCH031_040_UPLOAD_LOCK.yaml"
      - "KM_IDSystem/docs/pursuing_goal/ids_v0_1/tests/test_stage038_worker_queue_baseline.py"
      - "KM_IDSystem/docs/pursuing_goal/ids_v0_1/tests/test_stage038_worker_queue_runtime.py"
      - "KM_IDSystem/docs/pursuing_goal/ids_v0_1/tests/test_stage038_worker_queue_scenarios.py"
      - "KM_IDSystem/docs/pursuing_goal/ids_v0_1/IDS_METADATA_RAW_DATA_BOUNDARY.md"

decision:
  current_task_id: "IDS-V0_1-STAGE038-P3"
  next_allowed_task_id: "IDS-V0_1-STAGE038-P4"
  github_upload_allowed: false
  current_run: "STAGE-038 Phase 3 validates six isolated worker-queue scenarios over real Git-tracked control references and actual project-volume free-space observation. Duplicate clicks run once; worker exceptions fail terminally and release the lock; same-source archive/parse/index/report jobs share one conflict key; drive-offline and low-disk gates pause before queueing; protected cleanup candidates are denied without deletion. Production services, raw metadata, fake IDS business data, persistence, cleanup runtime, GitHub, app reinstall, stage review, batch review, and upload remain disabled."
  no_upload_reason: "BATCH031_040 has STAGE-031 through STAGE-037 completed and reviewed locally; STAGE-038 has Phase 1 through Phase 3 complete, while Phase 4, STAGE-038 whole-stage review, and STAGE-039..040 remain incomplete. The tenth-stage review and separate batch upload gates have not run, so push_allowed stays false."
